// !$*UTF8*$!
{
	archiveVersion = 1;
	classes = {
	};
	objectVersion = 55;
	objects = {

/* Begin PBXBuildFile section */
		0C2BBDC52A7440730031480F /* ContentView.swift in Sources */ = {isa = PBXBuildFile; fileRef = 0C2BBDC42A7440730031480F /* ContentView.swift */; };
		0C2BBDC72A7440BE0031480F /* GameScene.swift in Sources */ = {isa = PBXBuildFile; fileRef = 0C2BBDC62A7440BE0031480F /* GameScene.swift */; };
		0CD122122A744D3000E486B0 /* Ball.swift in Sources */ = {isa = PBXBuildFile; fileRef = 0CD122112A744D3000E486B0 /* Ball.swift */; };
		864FCABB2908661E00CA0664 /* DaysOne-Regular.ttf in Resources */ = {isa = PBXBuildFile; fileRef = 864FCABA2908661E00CA0664 /* DaysOne-Regular.ttf */; };
		BCD63B9629114B0A006C8DE8 /* strasua.ttf in Resources */ = {isa = PBXBuildFile; fileRef = BCD63B95291149ED006C8DE8 /* strasua.ttf */; };
		D3BF927E28FEF6CD00EEF09B /* PongApp.swift in Sources */ = {isa = PBXBuildFile; fileRef = D3BF927D28FEF6CD00EEF09B /* PongApp.swift */; };
		D3BF928228FEF6CF00EEF09B /* Assets.xcassets in Resources */ = {isa = PBXBuildFile; fileRef = D3BF928128FEF6CF00EEF09B /* Assets.xcassets */; };
		D3BF928528FEF6CF00EEF09B /* Preview Assets.xcassets in Resources */ = {isa = PBXBuildFile; fileRef = D3BF928428FEF6CF00EEF09B /* Preview Assets.xcassets */; };
/* End PBXBuildFile section */

/* Begin PBXFileReference section */
		0C2BBDC42A7440730031480F /* ContentView.swift */ = {isa = PBXFileReference; lastKnownFileType = sourcecode.swift; path = ContentView.swift; sourceTree = "<group>"; };
		0C2BBDC62A7440BE0031480F /* GameScene.swift */ = {isa = PBXFileReference; lastKnownFileType = sourcecode.swift; path = GameScene.swift; sourceTree = "<group>"; };
		0CD122112A744D3000E486B0 /* Ball.swift */ = {isa = PBXFileReference; lastKnownFileType = sourcecode.swift; path = Ball.swift; sourceTree = "<group>"; };
		864FCABA2908661E00CA0664 /* DaysOne-Regular.ttf */ = {isa = PBXFileReference; lastKnownFileType = file; path = "DaysOne-Regular.ttf"; sourceTree = "<group>"; };
		864FCABD2908665A00CA0664 /* Info.plist */ = {isa = PBXFileReference; lastKnownFileType = text.plist.xml; path = Info.plist; sourceTree = "<group>"; };
		BCD63B95291149ED006C8DE8 /* strasua.ttf */ = {isa = PBXFileReference; lastKnownFileType = file; path = strasua.ttf; sourceTree = "<group>"; };
		D3BF927A28FEF6CD00EEF09B /* Pong.app */ = {isa = PBXFileReference; explicitFileType = wrapper.application; includeInIndex = 0; path = Pong.app; sourceTree = BUILT_PRODUCTS_DIR; };
		D3BF927D28FEF6CD00EEF09B /* PongApp.swift */ = {isa = PBXFileReference; lastKnownFileType = sourcecode.swift; path = PongApp.swift; sourceTree = "<group>"; };
		D3BF928128FEF6CF00EEF09B /* Assets.xcassets */ = {isa = PBXFileReference; lastKnownFileType = folder.assetcatalog; path = Assets.xcassets; sourceTree = "<group>"; };
		D3BF928428FEF6CF00EEF09B /* Preview Assets.xcassets */ = {isa = PBXFileReference; lastKnownFileType = folder.assetcatalog; path = "Preview Assets.xcassets"; sourceTree = "<group>"; };
/* End PBXFileReference section */

/* Begin PBXFrameworksBuildPhase section */
		D3BF927728FEF6CD00EEF09B /* Frameworks */ = {
			isa = PBXFrameworksBuildPhase;
			buildActionMask = 2147483647;
			files = (
			);
			runOnlyForDeploymentPostprocessing = 0;
		};
/* End PBXFrameworksBuildPhase section */

/* Begin PBXGroup section */
		0CD122132A744DD400E486B0 /* Game */ = {
			isa = PBXGroup;
			children = (
				0C2BBDC62A7440BE0031480F /* GameScene.swift */,
				0CD122112A744D3000E486B0 /* Ball.swift */,
			);
			path = Game;
			sourceTree = "<group>";
		};
		864FCABC2908663900CA0664 /* Fonts */ = {
			isa = PBXGroup;
			children = (
				864FCABA2908661E00CA0664 /* DaysOne-Regular.ttf */,
				BCD63B95291149ED006C8DE8 /* strasua.ttf */,
			);
			path = Fonts;
			sourceTree = "<group>";
		};
		D3BF927128FEF6CD00EEF09B = {
			isa = PBXGroup;
			children = (
				D3BF927C28FEF6CD00EEF09B /* WavePong */,
				D3BF927B28FEF6CD00EEF09B /* Products */,
			);
			sourceTree = "<group>";
		};
		D3BF927B28FEF6CD00EEF09B /* Products */ = {
			isa = PBXGroup;
			children = (
				D3BF927A28FEF6CD00EEF09B /* Pong.app */,
			);
			name = Products;
			sourceTree = "<group>";
		};
		D3BF927C28FEF6CD00EEF09B /* WavePong */ = {
			isa = PBXGroup;
			children = (
				864FCABD2908665A00CA0664 /* Info.plist */,
				D3BF927D28FEF6CD00EEF09B /* PongApp.swift */,
				0C2BBDC42A7440730031480F /* ContentView.swift */,
				0CD122132A744DD400E486B0 /* Game */,
				D3BF928128FEF6CF00EEF09B /* Assets.xcassets */,
				864FCABC2908663900CA0664 /* Fonts */,
				D3BF928328FEF6CF00EEF09B /* Preview Content */,
			);
			path = WavePong;
			sourceTree = "<group>";
		};
		D3BF928328FEF6CF00EEF09B /* Preview Content */ = {
			isa = PBXGroup;
			children = (
				D3BF928428FEF6CF00EEF09B /* Preview Assets.xcassets */,
			);
			path = "Preview Content";
			sourceTree = "<group>";
		};
/* End PBXGroup section */

/* Begin PBXNativeTarget section */
		D3BF927928FEF6CD00EEF09B /* WavePong */ = {
			isa = PBXNativeTarget;
			buildConfigurationList = D3BF928828FEF6CF00EEF09B /* Build configuration list for PBXNativeTarget "WavePong" */;
			buildPhases = (
				D3BF927628FEF6CD00EEF09B /* Sources */,
				D3BF927728FEF6CD00EEF09B /* Frameworks */,
				D3BF927828FEF6CD00EEF09B /* Resources */,
			);
			buildRules = (
			);
			dependencies = (
			);
			name = WavePong;
			productName = DvdScreensaver;
			productReference = D3BF927A28FEF6CD00EEF09B /* Pong.app */;
			productType = "com.apple.product-type.application";
		};
/* End PBXNativeTarget section */

/* Begin PBXProject section */
		D3BF927228FEF6CD00EEF09B /* Project object */ = {
			isa = PBXProject;
			attributes = {
				BuildIndependentTargetsInParallel = 1;
				LastSwiftUpdateCheck = 1340;
				LastUpgradeCheck = 1340;
				TargetAttributes = {
					D3BF927928FEF6CD00EEF09B = {
						CreatedOnToolsVersion = 13.4.1;
					};
				};
			};
			buildConfigurationList = D3BF927528FEF6CD00EEF09B /* Build configuration list for PBXProject "Pong" */;
			compatibilityVersion = "Xcode 13.0";
			developmentRegion = en;
			hasScannedForEncodings = 0;
			knownRegions = (
				en,
				Base,
			);
			mainGroup = D3BF927128FEF6CD00EEF09B;
			productRefGroup = D3BF927B28FEF6CD00EEF09B /* Products */;
			projectDirPath = "";
			projectRoot = "";
			targets = (
				D3BF927928FEF6CD00EEF09B /* WavePong */,
			);
		};
/* End PBXProject section */

/* Begin PBXResourcesBuildPhase section */
		D3BF927828FEF6CD00EEF09B /* Resources */ = {
			isa = PBXResourcesBuildPhase;
			buildActionMask = 2147483647;
			files = (
				BCD63B9629114B0A006C8DE8 /* strasua.ttf in Resources */,
				D3BF928528FEF6CF00EEF09B /* Preview Assets.xcassets in Resources */,
				864FCABB2908661E00CA0664 /* DaysOne-Regular.ttf in Resources */,
				D3BF928228FEF6CF00EEF09B /* Assets.xcassets in Resources */,
			);
			runOnlyForDeploymentPostprocessing = 0;
		};
/* End PBXResourcesBuildPhase section */

/* Begin PBXSourcesBuildPhase section */
		D3BF927628FEF6CD00EEF09B /* Sources */ = {
			isa = PBXSourcesBuildPhase;
			buildActionMask = 2147483647;
			files = (
				0CD122122A744D3000E486B0 /* Ball.swift in Sources */,
				0C2BBDC72A7440BE0031480F /* GameScene.swift in Sources */,
				D3BF927E28FEF6CD00EEF09B /* PongApp.swift in Sources */,
				0C2BBDC52A7440730031480F /* ContentView.swift in Sources */,
			);
			runOnlyForDeploymentPostprocessing = 0;
		};
/* End PBXSourcesBuildPhase section */

/* Begin XCBuildConfiguration section */
		D3BF928628FEF6CF00EEF09B /* Debug */ = {
			isa = XCBuildConfiguration;
			buildSettings = {
				ALWAYS_SEARCH_USER_PATHS = NO;
				CLANG_ANALYZER_NONNULL = YES;
				CLANG_ANALYZER_NUMBER_OBJECT_CONVERSION = YES_AGGRESSIVE;
				CLANG_CXX_LANGUAGE_STANDARD = "gnu++17";
				CLANG_ENABLE_MODULES = YES;
				CLANG_ENABLE_OBJC_ARC = YES;
				CLANG_ENABLE_OBJC_WEAK = YES;
				CLANG_WARN_BLOCK_CAPTURE_AUTORELEASING = YES;
				CLANG_WARN_BOOL_CONVERSION = YES;
				CLANG_WARN_COMMA = YES;
				CLANG_WARN_CONSTANT_CONVERSION = YES;
				CLANG_WARN_DEPRECATED_OBJC_IMPLEMENTATIONS = YES;
				CLANG_WARN_DIRECT_OBJC_ISA_USAGE = YES_ERROR;
				CLANG_WARN_DOCUMENTATION_COMMENTS = YES;
				CLANG_WARN_EMPTY_BODY = YES;
				CLANG_WARN_ENUM_CONVERSION = YES;
				CLANG_WARN_INFINITE_RECURSION = YES;
				CLANG_WARN_INT_CONVERSION = YES;
				CLANG_WARN_NON_LITERAL_NULL_CONVERSION = YES;
				CLANG_WARN_OBJC_IMPLICIT_RETAIN_SELF = YES;
				CLANG_WARN_OBJC_LITERAL_CONVERSION = YES;
				CLANG_WARN_OBJC_ROOT_CLASS = YES_ERROR;
				CLANG_WARN_QUOTED_INCLUDE_IN_FRAMEWORK_HEADER = YES;
				CLANG_WARN_RANGE_LOOP_ANALYSIS = YES;
				CLANG_WARN_STRICT_PROTOTYPES = YES;
				CLANG_WARN_SUSPICIOUS_MOVE = YES;
				CLANG_WARN_UNGUARDED_AVAILABILITY = YES_AGGRESSIVE;
				CLANG_WARN_UNREACHABLE_CODE = YES;
				CLANG_WARN__DUPLICATE_METHOD_MATCH = YES;
				COPY_PHASE_STRIP = NO;
				DEBUG_INFORMATION_FORMAT = dwarf;
				ENABLE_STRICT_OBJC_MSGSEND = YES;
				ENABLE_TESTABILITY = YES;
				GCC_C_LANGUAGE_STANDARD = gnu11;
				GCC_DYNAMIC_NO_PIC = NO;
				GCC_NO_COMMON_BLOCKS = YES;
				GCC_OPTIMIZATION_LEVEL = 0;
				GCC_PREPROCESSOR_DEFINITIONS = (
					"DEBUG=1",
					"$(inherited)",
				);
				GCC_WARN_64_TO_32_BIT_CONVERSION = YES;
				GCC_WARN_ABOUT_RETURN_TYPE = YES_ERROR;
				GCC_WARN_UNDECLARED_SELECTOR = YES;
				GCC_WARN_UNINITIALIZED_AUTOS = YES_AGGRESSIVE;
				GCC_WARN_UNUSED_FUNCTION = YES;
				GCC_WARN_UNUSED_VARIABLE = YES;
				IPHONEOS_DEPLOYMENT_TARGET = 15.5;
				MTL_ENABLE_DEBUG_INFO = INCLUDE_SOURCE;
				MTL_FAST_MATH = YES;
				ONLY_ACTIVE_ARCH = YES;
				SDKROOT = iphoneos;
				SWIFT_ACTIVE_COMPILATION_CONDITIONS = DEBUG;
				SWIFT_OPTIMIZATION_LEVEL = "-Onone";
			};
			name = Debug;
		};
		D3BF928728FEF6CF00EEF09B /* Release */ = {
			isa = XCBuildConfiguration;
			buildSettings = {
				ALWAYS_SEARCH_USER_PATHS = NO;
				CLANG_ANALYZER_NONNULL = YES;
				CLANG_ANALYZER_NUMBER_OBJECT_CONVERSION = YES_AGGRESSIVE;
				CLANG_CXX_LANGUAGE_STANDARD = "gnu++17";
				CLANG_ENABLE_MODULES = YES;
				CLANG_ENABLE_OBJC_ARC = YES;
				CLANG_ENABLE_OBJC_WEAK = YES;
				CLANG_WARN_BLOCK_CAPTURE_AUTORELEASING = YES;
				CLANG_WARN_BOOL_CONVERSION = YES;
				CLANG_WARN_COMMA = YES;
				CLANG_WARN_CONSTANT_CONVERSION = YES;
				CLANG_WARN_DEPRECATED_OBJC_IMPLEMENTATIONS = YES;
				CLANG_WARN_DIRECT_OBJC_ISA_USAGE = YES_ERROR;
				CLANG_WARN_DOCUMENTATION_COMMENTS = YES;
				CLANG_WARN_EMPTY_BODY = YES;
				CLANG_WARN_ENUM_CONVERSION = YES;
				CLANG_WARN_INFINITE_RECURSION = YES;
				CLANG_WARN_INT_CONVERSION = YES;
				CLANG_WARN_NON_LITERAL_NULL_CONVERSION = YES;
				CLANG_WARN_OBJC_IMPLICIT_RETAIN_SELF = YES;
				CLANG_WARN_OBJC_LITERAL_CONVERSION = YES;
				CLANG_WARN_OBJC_ROOT_CLASS = YES_ERROR;
				CLANG_WARN_QUOTED_INCLUDE_IN_FRAMEWORK_HEADER = YES;
				CLANG_WARN_RANGE_LOOP_ANALYSIS = YES;
				CLANG_WARN_STRICT_PROTOTYPES = YES;
				CLANG_WARN_SUSPICIOUS_MOVE = YES;
				CLANG_WARN_UNGUARDED_AVAILABILITY = YES_AGGRESSIVE;
				CLANG_WARN_UNREACHABLE_CODE = YES;
				CLANG_WARN__DUPLICATE_METHOD_MATCH = YES;
				COPY_PHASE_STRIP = NO;
				DEBUG_INFORMATION_FORMAT = "dwarf-with-dsym";
				ENABLE_NS_ASSERTIONS = NO;
				ENABLE_STRICT_OBJC_MSGSEND = YES;
				GCC_C_LANGUAGE_STANDARD = gnu11;
				GCC_NO_COMMON_BLOCKS = YES;
				GCC_WARN_64_TO_32_BIT_CONVERSION = YES;
				GCC_WARN_ABOUT_RETURN_TYPE = YES_ERROR;
				GCC_WARN_UNDECLARED_SELECTOR = YES;
				GCC_WARN_UNINITIALIZED_AUTOS = YES_AGGRESSIVE;
				GCC_WARN_UNUSED_FUNCTION = YES;
				GCC_WARN_UNUSED_VARIABLE = YES;
				IPHONEOS_DEPLOYMENT_TARGET = 15.5;
				MTL_ENABLE_DEBUG_INFO = NO;
				MTL_FAST_MATH = YES;
				SDKROOT = iphoneos;
				SWIFT_COMPILATION_MODE = wholemodule;
				SWIFT_OPTIMIZATION_LEVEL = "-O";
				VALIDATE_PRODUCT = YES;
			};
			name = Release;
		};
		D3BF928928FEF6CF00EEF09B /* Debug */ = {
			isa = XCBuildConfiguration;
			buildSettings = {
				ASSETCATALOG_COMPILER_APPICON_NAME = AppIcon;
				ASSETCATALOG_COMPILER_GLOBAL_ACCENT_COLOR_NAME = AccentColor;
				CODE_SIGN_STYLE = Automatic;
				CURRENT_PROJECT_VERSION = 1;
				DEVELOPMENT_ASSET_PATHS = "\"WavePong/Preview Content\"";
				DEVELOPMENT_TEAM = B6XWN7H84M;
				ENABLE_PREVIEWS = YES;
				GENERATE_INFOPLIST_FILE = YES;
				INFOPLIST_FILE = WavePong/Info.plist;
				INFOPLIST_KEY_CFBundleDisplayName = "Wave Pong";
				INFOPLIST_KEY_LSApplicationCategoryType = "public.app-category.games";
				INFOPLIST_KEY_UIApplicationSceneManifest_Generation = YES;
				INFOPLIST_KEY_UIApplicationSupportsIndirectInputEvents = YES;
				INFOPLIST_KEY_UILaunchScreen_Generation = YES;
				INFOPLIST_KEY_UIStatusBarStyle = UIStatusBarStyleDarkContent;
				INFOPLIST_KEY_UISupportedInterfaceOrientations = UIInterfaceOrientationPortrait;
				INFOPLIST_KEY_UISupportedInterfaceOrientations_iPad = "UIInterfaceOrientationLandscapeLeft UIInterfaceOrientationLandscapeRight UIInterfaceOrientationPortrait UIInterfaceOrientationPortraitUpsideDown";
				LD_RUNPATH_SEARCH_PATHS = (
					"$(inherited)",
					"@executable_path/Frameworks",
				);
				MARKETING_VERSION = 1.2;
				PRODUCT_BUNDLE_IDENTIFIER = "br.ufpe.cin.academy-rsbj.WavePong";
				PRODUCT_NAME = Pong;
				SWIFT_EMIT_LOC_STRINGS = YES;
				SWIFT_VERSION = 5.0;
				TARGETED_DEVICE_FAMILY = "1,2";
			};
			name = Debug;
		};
		D3BF928A28FEF6CF00EEF09B /* Release */ = {
			isa = XCBuildConfiguration;
			buildSettings = {
				ASSETCATALOG_COMPILER_APPICON_NAME = AppIcon;
				ASSETCATALOG_COMPILER_GLOBAL_ACCENT_COLOR_NAME = AccentColor;
				CODE_SIGN_STYLE = Automatic;
				CURRENT_PROJECT_VERSION = 1;
				DEVELOPMENT_ASSET_PATHS = "\"WavePong/Preview Content\"";
				DEVELOPMENT_TEAM = B6XWN7H84M;
				ENABLE_PREVIEWS = YES;
				GENERATE_INFOPLIST_FILE = YES;
				INFOPLIST_FILE = WavePong/Info.plist;
				INFOPLIST_KEY_CFBundleDisplayName = "Wave Pong";
				INFOPLIST_KEY_LSApplicationCategoryType = "public.app-category.games";
				INFOPLIST_KEY_UIApplicationSceneManifest_Generation = YES;
				INFOPLIST_KEY_UIApplicationSupportsIndirectInputEvents = YES;
				INFOPLIST_KEY_UILaunchScreen_Generation = YES;
				INFOPLIST_KEY_UIStatusBarStyle = UIStatusBarStyleDarkContent;
				INFOPLIST_KEY_UISupportedInterfaceOrientations = UIInterfaceOrientationPortrait;
				INFOPLIST_KEY_UISupportedInterfaceOrientations_iPad = "UIInterfaceOrientationLandscapeLeft UIInterfaceOrientationLandscapeRight UIInterfaceOrientationPortrait UIInterfaceOrientationPortraitUpsideDown";
				LD_RUNPATH_SEARCH_PATHS = (
					"$(inherited)",
					"@executable_path/Frameworks",
				);
				MARKETING_VERSION = 1.2;
				PRODUCT_BUNDLE_IDENTIFIER = "br.ufpe.cin.academy-rsbj.WavePong";
				PRODUCT_NAME = Pong;
				SWIFT_EMIT_LOC_STRINGS = YES;
				SWIFT_VERSION = 5.0;
				TARGETED_DEVICE_FAMILY = "1,2";
			};
			name = Release;
		};
/* End XCBuildConfiguration section */

/* Begin XCConfigurationList section */
		D3BF927528FEF6CD00EEF09B /* Build configuration list for PBXProject "Pong" */ = {
			isa = XCConfigurationList;
			buildConfigurations = (
				D3BF928628FEF6CF00EEF09B /* Debug */,
				D3BF928728FEF6CF00EEF09B /* Release */,
			);
			defaultConfigurationIsVisible = 0;
			defaultConfigurationName = Release;
		};
		D3BF928828FEF6CF00EEF09B /* Build configuration list for PBXNativeTarget "WavePong" */ = {
			isa = XCConfigurationList;
			buildConfigurations = (
				D3BF928928FEF6CF00EEF09B /* Debug */,
				D3BF928A28FEF6CF00EEF09B /* Release */,
			);
			defaultConfigurationIsVisible = 0;
			defaultConfigurationName = Release;
		};
/* End XCConfigurationList section */
	};
	rootObject = D3BF927228FEF6CD00EEF09B /* Project object */;
}
