// !$*UTF8*$!
{
	archiveVersion = 1;
	classes = {
	};
	objectVersion = 55;
	objects = {

/* Begin PBXBuildFile section */
		0C26DA8A2A82E53A00844FB2 /* GameSceneView.swift in Sources */ = {isa = PBXBuildFile; fileRef = 0C26DA892A82E53A00844FB2 /* GameSceneView.swift */; };
		0C26DA8C2A83303200844FB2 /* Player.swift in Sources */ = {isa = PBXBuildFile; fileRef = 0C26DA8B2A83303200844FB2 /* Player.swift */; };
		0C27260E2A7EF6CC0069C5C9 /* HapticsManager.swift in Sources */ = {isa = PBXBuildFile; fileRef = 0C27260D2A7EF6CC0069C5C9 /* HapticsManager.swift */; };
		0C2BBDC72A7440BE0031480F /* GameScene.swift in Sources */ = {isa = PBXBuildFile; fileRef = 0C2BBDC62A7440BE0031480F /* GameScene.swift */; };
		0C6363EC2A8BEA57002DAB8C /* PauseNode.swift in Sources */ = {isa = PBXBuildFile; fileRef = 0C6363EB2A8BEA57002DAB8C /* PauseNode.swift */; };
		0C6363EE2A8BF830002DAB8C /* ScoreLabel.swift in Sources */ = {isa = PBXBuildFile; fileRef = 0C6363ED2A8BF830002DAB8C /* ScoreLabel.swift */; };
		0C6363F02A8D0A28002DAB8C /* GameSceneViewModel.swift in Sources */ = {isa = PBXBuildFile; fileRef = 0C6363EF2A8D0A28002DAB8C /* GameSceneViewModel.swift */; };
		0C6363F22A8D266A002DAB8C /* IconButton.swift in Sources */ = {isa = PBXBuildFile; fileRef = 0C6363F12A8D266A002DAB8C /* IconButton.swift */; };
		0C6363F42A8D268F002DAB8C /* LabelButton.swift in Sources */ = {isa = PBXBuildFile; fileRef = 0C6363F32A8D268F002DAB8C /* LabelButton.swift */; };
		0C6B93AB2A7EE46200023DC8 /* GameSceneDelegate.swift in Sources */ = {isa = PBXBuildFile; fileRef = 0C6B93AA2A7EE46200023DC8 /* GameSceneDelegate.swift */; };
		0CCCE3312A8AA60F00BCB4E5 /* Fonts Extension.swift in Sources */ = {isa = PBXBuildFile; fileRef = 0CCCE3302A8AA60F00BCB4E5 /* Fonts Extension.swift */; };
		0CCCE3332A8ADB0000BCB4E5 /* GameManagerDelegate.swift in Sources */ = {isa = PBXBuildFile; fileRef = 0CCCE3322A8ADB0000BCB4E5 /* GameManagerDelegate.swift */; };
		0CCCE3352A8ADB2500BCB4E5 /* GameColisionDelegate.swift in Sources */ = {isa = PBXBuildFile; fileRef = 0CCCE3342A8ADB2500BCB4E5 /* GameColisionDelegate.swift */; };
		0CD122122A744D3000E486B0 /* Ball.swift in Sources */ = {isa = PBXBuildFile; fileRef = 0CD122112A744D3000E486B0 /* Ball.swift */; };
		0CF648572A7846AD00282A52 /* SoundManager.swift in Sources */ = {isa = PBXBuildFile; fileRef = 0CF648562A7846AD00282A52 /* SoundManager.swift */; };
		0CF648592A7847CF00282A52 /* WavePong_soundtrack.mp3 in Resources */ = {isa = PBXBuildFile; fileRef = 0CF648582A7847CF00282A52 /* WavePong_soundtrack.mp3 */; };
		0CF648632A7944AA00282A52 /* surprise.mp3 in Resources */ = {isa = PBXBuildFile; fileRef = 0CF6485B2A7944AA00282A52 /* surprise.mp3 */; };
		0CF648642A7944AA00282A52 /* winzinho.mp3 in Resources */ = {isa = PBXBuildFile; fileRef = 0CF6485C2A7944AA00282A52 /* winzinho.mp3 */; };
		0CF648652A7944AA00282A52 /* alert.mp3 in Resources */ = {isa = PBXBuildFile; fileRef = 0CF6485D2A7944AA00282A52 /* alert.mp3 */; };
		0CF648662A7944AA00282A52 /* bounce.mp3 in Resources */ = {isa = PBXBuildFile; fileRef = 0CF6485E2A7944AA00282A52 /* bounce.mp3 */; };
		0CF648672A7944AA00282A52 /* hehe.mp3 in Resources */ = {isa = PBXBuildFile; fileRef = 0CF6485F2A7944AA00282A52 /* hehe.mp3 */; };
		0CF648682A7944AA00282A52 /* mouse.mp3 in Resources */ = {isa = PBXBuildFile; fileRef = 0CF648602A7944AA00282A52 /* mouse.mp3 */; };
		0CF648692A7944AA00282A52 /* failed.mp3 in Resources */ = {isa = PBXBuildFile; fileRef = 0CF648612A7944AA00282A52 /* failed.mp3 */; };
		0CF6486A2A7944AA00282A52 /* cuteClick.mp3 in Resources */ = {isa = PBXBuildFile; fileRef = 0CF648622A7944AA00282A52 /* cuteClick.mp3 */; };
		0CF6486D2A7946E100282A52 /* SoundBoardView.swift in Sources */ = {isa = PBXBuildFile; fileRef = 0CF6486C2A7946E100282A52 /* SoundBoardView.swift */; };
		0CF648702A79A40500282A52 /* FXSoundsEnuns.swift in Sources */ = {isa = PBXBuildFile; fileRef = 0CF6486F2A79A40500282A52 /* FXSoundsEnuns.swift */; };
		0CF648862A7D23AB00282A52 /* bonus.mp3 in Resources */ = {isa = PBXBuildFile; fileRef = 0CF6487F2A7D23AA00282A52 /* bonus.mp3 */; };
		0CF648872A7D23AB00282A52 /* success.mp3 in Resources */ = {isa = PBXBuildFile; fileRef = 0CF648802A7D23AA00282A52 /* success.mp3 */; };
		0CF648882A7D23AB00282A52 /* shooting.mp3 in Resources */ = {isa = PBXBuildFile; fileRef = 0CF648812A7D23AB00282A52 /* shooting.mp3 */; };
		0CF648892A7D23AB00282A52 /* horse.mp3 in Resources */ = {isa = PBXBuildFile; fileRef = 0CF648822A7D23AB00282A52 /* horse.mp3 */; };
		0CF6488A2A7D23AB00282A52 /* transition.mp3 in Resources */ = {isa = PBXBuildFile; fileRef = 0CF648832A7D23AB00282A52 /* transition.mp3 */; };
		0CF6488B2A7D23AB00282A52 /* winter.mp3 in Resources */ = {isa = PBXBuildFile; fileRef = 0CF648842A7D23AB00282A52 /* winter.mp3 */; };
		0CF6488C2A7D23AB00282A52 /* slimejump.mp3 in Resources */ = {isa = PBXBuildFile; fileRef = 0CF648852A7D23AB00282A52 /* slimejump.mp3 */; };
		0DF638212A78496100CCC34B /* PhysicsDetection.swift in Sources */ = {isa = PBXBuildFile; fileRef = 0DF638202A78496100CCC34B /* PhysicsDetection.swift */; };
		864FCABB2908661E00CA0664 /* DaysOne-Regular.ttf in Resources */ = {isa = PBXBuildFile; fileRef = 864FCABA2908661E00CA0664 /* DaysOne-Regular.ttf */; };
		BCD63B9629114B0A006C8DE8 /* strasua.ttf in Resources */ = {isa = PBXBuildFile; fileRef = BCD63B95291149ED006C8DE8 /* strasua.ttf */; };
		D30EF6DC2A79CC5800125DB0 /* GameManager.swift in Sources */ = {isa = PBXBuildFile; fileRef = D30EF6DB2A79CC5800125DB0 /* GameManager.swift */; };
		D32842CA2A7E9FA0007FF85B /* MenuView.swift in Sources */ = {isa = PBXBuildFile; fileRef = D32842C92A7E9FA0007FF85B /* MenuView.swift */; };
		D32842CC2A7E9FBC007FF85B /* ConfigurationView.swift in Sources */ = {isa = PBXBuildFile; fileRef = D32842CB2A7E9FBC007FF85B /* ConfigurationView.swift */; };
		D334053A2A784626006CA42B /* GameScene+Touches.swift in Sources */ = {isa = PBXBuildFile; fileRef = D33405392A784626006CA42B /* GameScene+Touches.swift */; };
		D334053C2A7846DA006CA42B /* GameScene+Setup.swift in Sources */ = {isa = PBXBuildFile; fileRef = D334053B2A7846DA006CA42B /* GameScene+Setup.swift */; };
		D334053E2A784842006CA42B /* Paddle.swift in Sources */ = {isa = PBXBuildFile; fileRef = D334053D2A784842006CA42B /* Paddle.swift */; };
		D3BF927E28FEF6CD00EEF09B /* PongApp.swift in Sources */ = {isa = PBXBuildFile; fileRef = D3BF927D28FEF6CD00EEF09B /* PongApp.swift */; };
		D3BF928228FEF6CF00EEF09B /* Assets.xcassets in Resources */ = {isa = PBXBuildFile; fileRef = D3BF928128FEF6CF00EEF09B /* Assets.xcassets */; };
		D3BF928528FEF6CF00EEF09B /* Preview Assets.xcassets in Resources */ = {isa = PBXBuildFile; fileRef = D3BF928428FEF6CF00EEF09B /* Preview Assets.xcassets */; };
		D3E10B6C2A86BE5800E30649 /* Border.swift in Sources */ = {isa = PBXBuildFile; fileRef = D3E10B6B2A86BE5800E30649 /* Border.swift */; };
/* End PBXBuildFile section */

/* Begin PBXFileReference section */
		0C26DA892A82E53A00844FB2 /* GameSceneView.swift */ = {isa = PBXFileReference; lastKnownFileType = sourcecode.swift; path = GameSceneView.swift; sourceTree = "<group>"; };
		0C26DA8B2A83303200844FB2 /* Player.swift */ = {isa = PBXFileReference; lastKnownFileType = sourcecode.swift; path = Player.swift; sourceTree = "<group>"; };
		0C27260D2A7EF6CC0069C5C9 /* HapticsManager.swift */ = {isa = PBXFileReference; lastKnownFileType = sourcecode.swift; path = HapticsManager.swift; sourceTree = "<group>"; };
		0C2BBDC62A7440BE0031480F /* GameScene.swift */ = {isa = PBXFileReference; lastKnownFileType = sourcecode.swift; path = GameScene.swift; sourceTree = "<group>"; };
		0C6363EB2A8BEA57002DAB8C /* PauseNode.swift */ = {isa = PBXFileReference; lastKnownFileType = sourcecode.swift; path = PauseNode.swift; sourceTree = "<group>"; };
		0C6363ED2A8BF830002DAB8C /* ScoreLabel.swift */ = {isa = PBXFileReference; lastKnownFileType = sourcecode.swift; path = ScoreLabel.swift; sourceTree = "<group>"; };
		0C6363EF2A8D0A28002DAB8C /* GameSceneViewModel.swift */ = {isa = PBXFileReference; lastKnownFileType = sourcecode.swift; path = GameSceneViewModel.swift; sourceTree = "<group>"; };
		0C6363F12A8D266A002DAB8C /* IconButton.swift */ = {isa = PBXFileReference; lastKnownFileType = sourcecode.swift; path = IconButton.swift; sourceTree = "<group>"; };
		0C6363F32A8D268F002DAB8C /* LabelButton.swift */ = {isa = PBXFileReference; lastKnownFileType = sourcecode.swift; path = LabelButton.swift; sourceTree = "<group>"; };
		0C6B93AA2A7EE46200023DC8 /* GameSceneDelegate.swift */ = {isa = PBXFileReference; lastKnownFileType = sourcecode.swift; path = GameSceneDelegate.swift; sourceTree = "<group>"; };
		0CCCE3302A8AA60F00BCB4E5 /* Fonts Extension.swift */ = {isa = PBXFileReference; lastKnownFileType = sourcecode.swift; path = "Fonts Extension.swift"; sourceTree = "<group>"; };
		0CCCE3322A8ADB0000BCB4E5 /* GameManagerDelegate.swift */ = {isa = PBXFileReference; lastKnownFileType = sourcecode.swift; path = GameManagerDelegate.swift; sourceTree = "<group>"; };
		0CCCE3342A8ADB2500BCB4E5 /* GameColisionDelegate.swift */ = {isa = PBXFileReference; lastKnownFileType = sourcecode.swift; path = GameColisionDelegate.swift; sourceTree = "<group>"; };
		0CD122112A744D3000E486B0 /* Ball.swift */ = {isa = PBXFileReference; lastKnownFileType = sourcecode.swift; path = Ball.swift; sourceTree = "<group>"; };
		0CF648562A7846AD00282A52 /* SoundManager.swift */ = {isa = PBXFileReference; lastKnownFileType = sourcecode.swift; path = SoundManager.swift; sourceTree = "<group>"; };
		0CF648582A7847CF00282A52 /* WavePong_soundtrack.mp3 */ = {isa = PBXFileReference; lastKnownFileType = audio.mp3; path = WavePong_soundtrack.mp3; sourceTree = "<group>"; };
		0CF6485B2A7944AA00282A52 /* surprise.mp3 */ = {isa = PBXFileReference; lastKnownFileType = audio.mp3; path = surprise.mp3; sourceTree = "<group>"; };
		0CF6485C2A7944AA00282A52 /* winzinho.mp3 */ = {isa = PBXFileReference; lastKnownFileType = audio.mp3; path = winzinho.mp3; sourceTree = "<group>"; };
		0CF6485D2A7944AA00282A52 /* alert.mp3 */ = {isa = PBXFileReference; lastKnownFileType = audio.mp3; path = alert.mp3; sourceTree = "<group>"; };
		0CF6485E2A7944AA00282A52 /* bounce.mp3 */ = {isa = PBXFileReference; lastKnownFileType = audio.mp3; path = bounce.mp3; sourceTree = "<group>"; };
		0CF6485F2A7944AA00282A52 /* hehe.mp3 */ = {isa = PBXFileReference; lastKnownFileType = audio.mp3; path = hehe.mp3; sourceTree = "<group>"; };
		0CF648602A7944AA00282A52 /* mouse.mp3 */ = {isa = PBXFileReference; lastKnownFileType = audio.mp3; path = mouse.mp3; sourceTree = "<group>"; };
		0CF648612A7944AA00282A52 /* failed.mp3 */ = {isa = PBXFileReference; lastKnownFileType = audio.mp3; path = failed.mp3; sourceTree = "<group>"; };
		0CF648622A7944AA00282A52 /* cuteClick.mp3 */ = {isa = PBXFileReference; lastKnownFileType = audio.mp3; path = cuteClick.mp3; sourceTree = "<group>"; };
		0CF6486C2A7946E100282A52 /* SoundBoardView.swift */ = {isa = PBXFileReference; lastKnownFileType = sourcecode.swift; path = SoundBoardView.swift; sourceTree = "<group>"; };
		0CF6486F2A79A40500282A52 /* FXSoundsEnuns.swift */ = {isa = PBXFileReference; lastKnownFileType = sourcecode.swift; path = FXSoundsEnuns.swift; sourceTree = "<group>"; };
		0CF6487F2A7D23AA00282A52 /* bonus.mp3 */ = {isa = PBXFileReference; lastKnownFileType = audio.mp3; path = bonus.mp3; sourceTree = "<group>"; };
		0CF648802A7D23AA00282A52 /* success.mp3 */ = {isa = PBXFileReference; lastKnownFileType = audio.mp3; path = success.mp3; sourceTree = "<group>"; };
		0CF648812A7D23AB00282A52 /* shooting.mp3 */ = {isa = PBXFileReference; lastKnownFileType = audio.mp3; path = shooting.mp3; sourceTree = "<group>"; };
		0CF648822A7D23AB00282A52 /* horse.mp3 */ = {isa = PBXFileReference; lastKnownFileType = audio.mp3; path = horse.mp3; sourceTree = "<group>"; };
		0CF648832A7D23AB00282A52 /* transition.mp3 */ = {isa = PBXFileReference; lastKnownFileType = audio.mp3; path = transition.mp3; sourceTree = "<group>"; };
		0CF648842A7D23AB00282A52 /* winter.mp3 */ = {isa = PBXFileReference; lastKnownFileType = audio.mp3; path = winter.mp3; sourceTree = "<group>"; };
		0CF648852A7D23AB00282A52 /* slimejump.mp3 */ = {isa = PBXFileReference; lastKnownFileType = audio.mp3; path = slimejump.mp3; sourceTree = "<group>"; };
		0DF638202A78496100CCC34B /* PhysicsDetection.swift */ = {isa = PBXFileReference; lastKnownFileType = sourcecode.swift; path = PhysicsDetection.swift; sourceTree = "<group>"; };
		864FCABA2908661E00CA0664 /* DaysOne-Regular.ttf */ = {isa = PBXFileReference; lastKnownFileType = file; path = "DaysOne-Regular.ttf"; sourceTree = "<group>"; };
		864FCABD2908665A00CA0664 /* Info.plist */ = {isa = PBXFileReference; lastKnownFileType = text.plist.xml; path = Info.plist; sourceTree = "<group>"; };
		BCD63B95291149ED006C8DE8 /* strasua.ttf */ = {isa = PBXFileReference; lastKnownFileType = file; path = strasua.ttf; sourceTree = "<group>"; };
		D30EF6DB2A79CC5800125DB0 /* GameManager.swift */ = {isa = PBXFileReference; lastKnownFileType = sourcecode.swift; path = GameManager.swift; sourceTree = "<group>"; };
		D32842C92A7E9FA0007FF85B /* MenuView.swift */ = {isa = PBXFileReference; lastKnownFileType = sourcecode.swift; path = MenuView.swift; sourceTree = "<group>"; };
		D32842CB2A7E9FBC007FF85B /* ConfigurationView.swift */ = {isa = PBXFileReference; lastKnownFileType = sourcecode.swift; path = ConfigurationView.swift; sourceTree = "<group>"; };
		D33405392A784626006CA42B /* GameScene+Touches.swift */ = {isa = PBXFileReference; lastKnownFileType = sourcecode.swift; path = "GameScene+Touches.swift"; sourceTree = "<group>"; };
		D334053B2A7846DA006CA42B /* GameScene+Setup.swift */ = {isa = PBXFileReference; lastKnownFileType = sourcecode.swift; path = "GameScene+Setup.swift"; sourceTree = "<group>"; };
		D334053D2A784842006CA42B /* Paddle.swift */ = {isa = PBXFileReference; lastKnownFileType = sourcecode.swift; path = Paddle.swift; sourceTree = "<group>"; };
		D3BF927A28FEF6CD00EEF09B /* Pong.app */ = {isa = PBXFileReference; explicitFileType = wrapper.application; includeInIndex = 0; path = Pong.app; sourceTree = BUILT_PRODUCTS_DIR; };
		D3BF927D28FEF6CD00EEF09B /* PongApp.swift */ = {isa = PBXFileReference; lastKnownFileType = sourcecode.swift; path = PongApp.swift; sourceTree = "<group>"; };
		D3BF928128FEF6CF00EEF09B /* Assets.xcassets */ = {isa = PBXFileReference; lastKnownFileType = folder.assetcatalog; path = Assets.xcassets; sourceTree = "<group>"; };
		D3BF928428FEF6CF00EEF09B /* Preview Assets.xcassets */ = {isa = PBXFileReference; lastKnownFileType = folder.assetcatalog; path = "Preview Assets.xcassets"; sourceTree = "<group>"; };
		D3E10B6B2A86BE5800E30649 /* Border.swift */ = {isa = PBXFileReference; lastKnownFileType = sourcecode.swift; path = Border.swift; sourceTree = "<group>"; };
/* End PBXFileReference section */

/* Begin PBXFrameworksBuildPhase section */
		D3BF927728FEF6CD00EEF09B /* Frameworks */ = {
			isa = PBXFrameworksBuildPhase;
			buildActionMask = 2147483647;
			files = (
			);
			runOnlyForDeploymentPostprocessing = 0;
		};
/* End PBXFrameworksBuildPhase section */

/* Begin PBXGroup section */
		0C6B93A92A7EE43500023DC8 /* SKNodes */ = {
			isa = PBXGroup;
			children = (
				0CD122112A744D3000E486B0 /* Ball.swift */,
				0C6363ED2A8BF830002DAB8C /* ScoreLabel.swift */,
				D3E10B6B2A86BE5800E30649 /* Border.swift */,
				D334053D2A784842006CA42B /* Paddle.swift */,
				0C6363EB2A8BEA57002DAB8C /* PauseNode.swift */,
			);
			path = SKNodes;
			sourceTree = "<group>";
		};
		0CCCE3362A8ADB2F00BCB4E5 /* Protocols */ = {
			isa = PBXGroup;
			children = (
				0CCCE3322A8ADB0000BCB4E5 /* GameManagerDelegate.swift */,
				0C6B93AA2A7EE46200023DC8 /* GameSceneDelegate.swift */,
				0CCCE3342A8ADB2500BCB4E5 /* GameColisionDelegate.swift */,
			);
			path = Protocols;
			sourceTree = "<group>";
		};
		0CD122132A744DD400E486B0 /* Game */ = {
			isa = PBXGroup;
			children = (
				0C6363F12A8D266A002DAB8C /* IconButton.swift */,
				0C26DA892A82E53A00844FB2 /* GameSceneView.swift */,
				0C6363EF2A8D0A28002DAB8C /* GameSceneViewModel.swift */,
				0C6363F32A8D268F002DAB8C /* LabelButton.swift */,
				0CCCE3362A8ADB2F00BCB4E5 /* Protocols */,
				0DF6381F2A78494200CCC34B /* Utils */,
				0C2BBDC62A7440BE0031480F /* GameScene.swift */,
				D33405392A784626006CA42B /* GameScene+Touches.swift */,
				D334053B2A7846DA006CA42B /* GameScene+Setup.swift */,
				D30EF6DB2A79CC5800125DB0 /* GameManager.swift */,
				0C6B93A92A7EE43500023DC8 /* SKNodes */,
			);
			path = Game;
			sourceTree = "<group>";
		};
		0CF6485A2A7847D700282A52 /* Sounds */ = {
			isa = PBXGroup;
			children = (
				0CF648582A7847CF00282A52 /* WavePong_soundtrack.mp3 */,
				0CF648562A7846AD00282A52 /* SoundManager.swift */,
				0CF6486F2A79A40500282A52 /* FXSoundsEnuns.swift */,
				0CF6486B2A7944B000282A52 /* FX */,
			);
			path = Sounds;
			sourceTree = "<group>";
		};
		0CF6486B2A7944B000282A52 /* FX */ = {
			isa = PBXGroup;
			children = (
				0CF6487F2A7D23AA00282A52 /* bonus.mp3 */,
				0CF648822A7D23AB00282A52 /* horse.mp3 */,
				0CF648812A7D23AB00282A52 /* shooting.mp3 */,
				0CF648852A7D23AB00282A52 /* slimejump.mp3 */,
				0CF648802A7D23AA00282A52 /* success.mp3 */,
				0CF648832A7D23AB00282A52 /* transition.mp3 */,
				0CF648842A7D23AB00282A52 /* winter.mp3 */,
				0CF6485D2A7944AA00282A52 /* alert.mp3 */,
				0CF6485E2A7944AA00282A52 /* bounce.mp3 */,
				0CF648622A7944AA00282A52 /* cuteClick.mp3 */,
				0CF648612A7944AA00282A52 /* failed.mp3 */,
				0CF6485F2A7944AA00282A52 /* hehe.mp3 */,
				0CF648602A7944AA00282A52 /* mouse.mp3 */,
				0CF6485B2A7944AA00282A52 /* surprise.mp3 */,
				0CF6485C2A7944AA00282A52 /* winzinho.mp3 */,
			);
			path = FX;
			sourceTree = "<group>";
		};
		0CF6486E2A7946F100282A52 /* TestingViews */ = {
			isa = PBXGroup;
			children = (
				0CF6486C2A7946E100282A52 /* SoundBoardView.swift */,
			);
			path = TestingViews;
			sourceTree = "<group>";
		};
		0DF6381F2A78494200CCC34B /* Utils */ = {
			isa = PBXGroup;
			children = (
				0C26DA8B2A83303200844FB2 /* Player.swift */,
				0DF638202A78496100CCC34B /* PhysicsDetection.swift */,
				0C27260D2A7EF6CC0069C5C9 /* HapticsManager.swift */,
			);
			path = Utils;
			sourceTree = "<group>";
		};
		864FCABC2908663900CA0664 /* Fonts */ = {
			isa = PBXGroup;
			children = (
				864FCABA2908661E00CA0664 /* DaysOne-Regular.ttf */,
				BCD63B95291149ED006C8DE8 /* strasua.ttf */,
				0CCCE3302A8AA60F00BCB4E5 /* Fonts Extension.swift */,
			);
			path = Fonts;
			sourceTree = "<group>";
		};
		D3BF927128FEF6CD00EEF09B = {
			isa = PBXGroup;
			children = (
				D3BF927C28FEF6CD00EEF09B /* WavePong */,
				D3BF927B28FEF6CD00EEF09B /* Products */,
			);
			sourceTree = "<group>";
		};
		D3BF927B28FEF6CD00EEF09B /* Products */ = {
			isa = PBXGroup;
			children = (
				D3BF927A28FEF6CD00EEF09B /* Pong.app */,
			);
			name = Products;
			sourceTree = "<group>";
		};
		D3BF927C28FEF6CD00EEF09B /* WavePong */ = {
			isa = PBXGroup;
			children = (
				864FCABD2908665A00CA0664 /* Info.plist */,
				D3BF927D28FEF6CD00EEF09B /* PongApp.swift */,
				D32842C92A7E9FA0007FF85B /* MenuView.swift */,
				D32842CB2A7E9FBC007FF85B /* ConfigurationView.swift */,
				0CF6486E2A7946F100282A52 /* TestingViews */,
				0CF6485A2A7847D700282A52 /* Sounds */,
				0CD122132A744DD400E486B0 /* Game */,
				D3BF928128FEF6CF00EEF09B /* Assets.xcassets */,
				864FCABC2908663900CA0664 /* Fonts */,
				D3BF928328FEF6CF00EEF09B /* Preview Content */,
			);
			path = WavePong;
			sourceTree = "<group>";
		};
		D3BF928328FEF6CF00EEF09B /* Preview Content */ = {
			isa = PBXGroup;
			children = (
				D3BF928428FEF6CF00EEF09B /* Preview Assets.xcassets */,
			);
			path = "Preview Content";
			sourceTree = "<group>";
		};
/* End PBXGroup section */

/* Begin PBXNativeTarget section */
		D3BF927928FEF6CD00EEF09B /* WavePong */ = {
			isa = PBXNativeTarget;
			buildConfigurationList = D3BF928828FEF6CF00EEF09B /* Build configuration list for PBXNativeTarget "WavePong" */;
			buildPhases = (
				D3BF927628FEF6CD00EEF09B /* Sources */,
				D3BF927728FEF6CD00EEF09B /* Frameworks */,
				D3BF927828FEF6CD00EEF09B /* Resources */,
			);
			buildRules = (
			);
			dependencies = (
			);
			name = WavePong;
			productName = DvdScreensaver;
			productReference = D3BF927A28FEF6CD00EEF09B /* Pong.app */;
			productType = "com.apple.product-type.application";
		};
/* End PBXNativeTarget section */

/* Begin PBXProject section */
		D3BF927228FEF6CD00EEF09B /* Project object */ = {
			isa = PBXProject;
			attributes = {
				BuildIndependentTargetsInParallel = 1;
				LastSwiftUpdateCheck = 1340;
				LastUpgradeCheck = 1340;
				TargetAttributes = {
					D3BF927928FEF6CD00EEF09B = {
						CreatedOnToolsVersion = 13.4.1;
					};
				};
			};
			buildConfigurationList = D3BF927528FEF6CD00EEF09B /* Build configuration list for PBXProject "Pong" */;
			compatibilityVersion = "Xcode 13.0";
			developmentRegion = en;
			hasScannedForEncodings = 0;
			knownRegions = (
				en,
				Base,
			);
			mainGroup = D3BF927128FEF6CD00EEF09B;
			productRefGroup = D3BF927B28FEF6CD00EEF09B /* Products */;
			projectDirPath = "";
			projectRoot = "";
			targets = (
				D3BF927928FEF6CD00EEF09B /* WavePong */,
			);
		};
/* End PBXProject section */

/* Begin PBXResourcesBuildPhase section */
		D3BF927828FEF6CD00EEF09B /* Resources */ = {
			isa = PBXResourcesBuildPhase;
			buildActionMask = 2147483647;
			files = (
				BCD63B9629114B0A006C8DE8 /* strasua.ttf in Resources */,
				0CF6488C2A7D23AB00282A52 /* slimejump.mp3 in Resources */,
				0CF6488B2A7D23AB00282A52 /* winter.mp3 in Resources */,
				0CF648592A7847CF00282A52 /* WavePong_soundtrack.mp3 in Resources */,
				D3BF928528FEF6CF00EEF09B /* Preview Assets.xcassets in Resources */,
				0CF6488A2A7D23AB00282A52 /* transition.mp3 in Resources */,
				0CF648682A7944AA00282A52 /* mouse.mp3 in Resources */,
				0CF648642A7944AA00282A52 /* winzinho.mp3 in Resources */,
				0CF648882A7D23AB00282A52 /* shooting.mp3 in Resources */,
				0CF648692A7944AA00282A52 /* failed.mp3 in Resources */,
				0CF648862A7D23AB00282A52 /* bonus.mp3 in Resources */,
				0CF648872A7D23AB00282A52 /* success.mp3 in Resources */,
				864FCABB2908661E00CA0664 /* DaysOne-Regular.ttf in Resources */,
				0CF6486A2A7944AA00282A52 /* cuteClick.mp3 in Resources */,
				D3BF928228FEF6CF00EEF09B /* Assets.xcassets in Resources */,
				0CF648672A7944AA00282A52 /* hehe.mp3 in Resources */,
				0CF648662A7944AA00282A52 /* bounce.mp3 in Resources */,
				0CF648632A7944AA00282A52 /* surprise.mp3 in Resources */,
				0CF648652A7944AA00282A52 /* alert.mp3 in Resources */,
				0CF648892A7D23AB00282A52 /* horse.mp3 in Resources */,
			);
			runOnlyForDeploymentPostprocessing = 0;
		};
/* End PBXResourcesBuildPhase section */

/* Begin PBXSourcesBuildPhase section */
		D3BF927628FEF6CD00EEF09B /* Sources */ = {
			isa = PBXSourcesBuildPhase;
			buildActionMask = 2147483647;
			files = (
				0DF638212A78496100CCC34B /* PhysicsDetection.swift in Sources */,
				D32842CC2A7E9FBC007FF85B /* ConfigurationView.swift in Sources */,
				D334053A2A784626006CA42B /* GameScene+Touches.swift in Sources */,
				0C6363F22A8D266A002DAB8C /* IconButton.swift in Sources */,
				0CCCE3312A8AA60F00BCB4E5 /* Fonts Extension.swift in Sources */,
				0C26DA8A2A82E53A00844FB2 /* GameSceneView.swift in Sources */,
				D30EF6DC2A79CC5800125DB0 /* GameManager.swift in Sources */,
				0C6B93AB2A7EE46200023DC8 /* GameSceneDelegate.swift in Sources */,
				0C6363F02A8D0A28002DAB8C /* GameSceneViewModel.swift in Sources */,
				0CD122122A744D3000E486B0 /* Ball.swift in Sources */,
				0C6363EE2A8BF830002DAB8C /* ScoreLabel.swift in Sources */,
				0C6363EC2A8BEA57002DAB8C /* PauseNode.swift in Sources */,
				0C27260E2A7EF6CC0069C5C9 /* HapticsManager.swift in Sources */,
				0C2BBDC72A7440BE0031480F /* GameScene.swift in Sources */,
				D3E10B6C2A86BE5800E30649 /* Border.swift in Sources */,
				D334053C2A7846DA006CA42B /* GameScene+Setup.swift in Sources */,
				D3BF927E28FEF6CD00EEF09B /* PongApp.swift in Sources */,
				D32842CA2A7E9FA0007FF85B /* MenuView.swift in Sources */,
				D334053E2A784842006CA42B /* Paddle.swift in Sources */,
				0CF6486D2A7946E100282A52 /* SoundBoardView.swift in Sources */,
				0C6363F42A8D268F002DAB8C /* LabelButton.swift in Sources */,
				0CF648702A79A40500282A52 /* FXSoundsEnuns.swift in Sources */,
				0CCCE3332A8ADB0000BCB4E5 /* GameManagerDelegate.swift in Sources */,
				0C26DA8C2A83303200844FB2 /* Player.swift in Sources */,
				0CCCE3352A8ADB2500BCB4E5 /* GameColisionDelegate.swift in Sources */,
				0CF648572A7846AD00282A52 /* SoundManager.swift in Sources */,
			);
			runOnlyForDeploymentPostprocessing = 0;
		};
/* End PBXSourcesBuildPhase section */

/* Begin XCBuildConfiguration section */
		D3BF928628FEF6CF00EEF09B /* Debug */ = {
			isa = XCBuildConfiguration;
			buildSettings = {
				ALWAYS_SEARCH_USER_PATHS = NO;
				CLANG_ANALYZER_NONNULL = YES;
				CLANG_ANALYZER_NUMBER_OBJECT_CONVERSION = YES_AGGRESSIVE;
				CLANG_CXX_LANGUAGE_STANDARD = "gnu++17";
				CLANG_ENABLE_MODULES = YES;
				CLANG_ENABLE_OBJC_ARC = YES;
				CLANG_ENABLE_OBJC_WEAK = YES;
				CLANG_WARN_BLOCK_CAPTURE_AUTORELEASING = YES;
				CLANG_WARN_BOOL_CONVERSION = YES;
				CLANG_WARN_COMMA = YES;
				CLANG_WARN_CONSTANT_CONVERSION = YES;
				CLANG_WARN_DEPRECATED_OBJC_IMPLEMENTATIONS = YES;
				CLANG_WARN_DIRECT_OBJC_ISA_USAGE = YES_ERROR;
				CLANG_WARN_DOCUMENTATION_COMMENTS = YES;
				CLANG_WARN_EMPTY_BODY = YES;
				CLANG_WARN_ENUM_CONVERSION = YES;
				CLANG_WARN_INFINITE_RECURSION = YES;
				CLANG_WARN_INT_CONVERSION = YES;
				CLANG_WARN_NON_LITERAL_NULL_CONVERSION = YES;
				CLANG_WARN_OBJC_IMPLICIT_RETAIN_SELF = YES;
				CLANG_WARN_OBJC_LITERAL_CONVERSION = YES;
				CLANG_WARN_OBJC_ROOT_CLASS = YES_ERROR;
				CLANG_WARN_QUOTED_INCLUDE_IN_FRAMEWORK_HEADER = YES;
				CLANG_WARN_RANGE_LOOP_ANALYSIS = YES;
				CLANG_WARN_STRICT_PROTOTYPES = YES;
				CLANG_WARN_SUSPICIOUS_MOVE = YES;
				CLANG_WARN_UNGUARDED_AVAILABILITY = YES_AGGRESSIVE;
				CLANG_WARN_UNREACHABLE_CODE = YES;
				CLANG_WARN__DUPLICATE_METHOD_MATCH = YES;
				COPY_PHASE_STRIP = NO;
				DEBUG_INFORMATION_FORMAT = dwarf;
				ENABLE_STRICT_OBJC_MSGSEND = YES;
				ENABLE_TESTABILITY = YES;
				GCC_C_LANGUAGE_STANDARD = gnu11;
				GCC_DYNAMIC_NO_PIC = NO;
				GCC_NO_COMMON_BLOCKS = YES;
				GCC_OPTIMIZATION_LEVEL = 0;
				GCC_PREPROCESSOR_DEFINITIONS = (
					"DEBUG=1",
					"$(inherited)",
				);
				GCC_WARN_64_TO_32_BIT_CONVERSION = YES;
				GCC_WARN_ABOUT_RETURN_TYPE = YES_ERROR;
				GCC_WARN_UNDECLARED_SELECTOR = YES;
				GCC_WARN_UNINITIALIZED_AUTOS = YES_AGGRESSIVE;
				GCC_WARN_UNUSED_FUNCTION = YES;
				GCC_WARN_UNUSED_VARIABLE = YES;
				IPHONEOS_DEPLOYMENT_TARGET = 15.5;
				MTL_ENABLE_DEBUG_INFO = INCLUDE_SOURCE;
				MTL_FAST_MATH = YES;
				ONLY_ACTIVE_ARCH = YES;
				SDKROOT = iphoneos;
				SWIFT_ACTIVE_COMPILATION_CONDITIONS = DEBUG;
				SWIFT_OPTIMIZATION_LEVEL = "-Onone";
			};
			name = Debug;
		};
		D3BF928728FEF6CF00EEF09B /* Release */ = {
			isa = XCBuildConfiguration;
			buildSettings = {
				ALWAYS_SEARCH_USER_PATHS = NO;
				CLANG_ANALYZER_NONNULL = YES;
				CLANG_ANALYZER_NUMBER_OBJECT_CONVERSION = YES_AGGRESSIVE;
				CLANG_CXX_LANGUAGE_STANDARD = "gnu++17";
				CLANG_ENABLE_MODULES = YES;
				CLANG_ENABLE_OBJC_ARC = YES;
				CLANG_ENABLE_OBJC_WEAK = YES;
				CLANG_WARN_BLOCK_CAPTURE_AUTORELEASING = YES;
				CLANG_WARN_BOOL_CONVERSION = YES;
				CLANG_WARN_COMMA = YES;
				CLANG_WARN_CONSTANT_CONVERSION = YES;
				CLANG_WARN_DEPRECATED_OBJC_IMPLEMENTATIONS = YES;
				CLANG_WARN_DIRECT_OBJC_ISA_USAGE = YES_ERROR;
				CLANG_WARN_DOCUMENTATION_COMMENTS = YES;
				CLANG_WARN_EMPTY_BODY = YES;
				CLANG_WARN_ENUM_CONVERSION = YES;
				CLANG_WARN_INFINITE_RECURSION = YES;
				CLANG_WARN_INT_CONVERSION = YES;
				CLANG_WARN_NON_LITERAL_NULL_CONVERSION = YES;
				CLANG_WARN_OBJC_IMPLICIT_RETAIN_SELF = YES;
				CLANG_WARN_OBJC_LITERAL_CONVERSION = YES;
				CLANG_WARN_OBJC_ROOT_CLASS = YES_ERROR;
				CLANG_WARN_QUOTED_INCLUDE_IN_FRAMEWORK_HEADER = YES;
				CLANG_WARN_RANGE_LOOP_ANALYSIS = YES;
				CLANG_WARN_STRICT_PROTOTYPES = YES;
				CLANG_WARN_SUSPICIOUS_MOVE = YES;
				CLANG_WARN_UNGUARDED_AVAILABILITY = YES_AGGRESSIVE;
				CLANG_WARN_UNREACHABLE_CODE = YES;
				CLANG_WARN__DUPLICATE_METHOD_MATCH = YES;
				COPY_PHASE_STRIP = NO;
				DEBUG_INFORMATION_FORMAT = "dwarf-with-dsym";
				ENABLE_NS_ASSERTIONS = NO;
				ENABLE_STRICT_OBJC_MSGSEND = YES;
				GCC_C_LANGUAGE_STANDARD = gnu11;
				GCC_NO_COMMON_BLOCKS = YES;
				GCC_WARN_64_TO_32_BIT_CONVERSION = YES;
				GCC_WARN_ABOUT_RETURN_TYPE = YES_ERROR;
				GCC_WARN_UNDECLARED_SELECTOR = YES;
				GCC_WARN_UNINITIALIZED_AUTOS = YES_AGGRESSIVE;
				GCC_WARN_UNUSED_FUNCTION = YES;
				GCC_WARN_UNUSED_VARIABLE = YES;
				IPHONEOS_DEPLOYMENT_TARGET = 15.5;
				MTL_ENABLE_DEBUG_INFO = NO;
				MTL_FAST_MATH = YES;
				SDKROOT = iphoneos;
				SWIFT_COMPILATION_MODE = wholemodule;
				SWIFT_OPTIMIZATION_LEVEL = "-O";
				VALIDATE_PRODUCT = YES;
			};
			name = Release;
		};
		D3BF928928FEF6CF00EEF09B /* Debug */ = {
			isa = XCBuildConfiguration;
			buildSettings = {
				ASSETCATALOG_COMPILER_APPICON_NAME = AppIcon;
				ASSETCATALOG_COMPILER_GLOBAL_ACCENT_COLOR_NAME = AccentColor;
				CODE_SIGN_STYLE = Automatic;
				CURRENT_PROJECT_VERSION = 1;
				DEVELOPMENT_ASSET_PATHS = "\"WavePong/Preview Content\"";
				DEVELOPMENT_TEAM = 749Q737TF5;
				ENABLE_PREVIEWS = YES;
				GENERATE_INFOPLIST_FILE = YES;
				INFOPLIST_FILE = WavePong/Info.plist;
				INFOPLIST_KEY_CFBundleDisplayName = "Wave Pong";
				INFOPLIST_KEY_LSApplicationCategoryType = "public.app-category.games";
				INFOPLIST_KEY_UIApplicationSceneManifest_Generation = YES;
				INFOPLIST_KEY_UIApplicationSupportsIndirectInputEvents = YES;
				INFOPLIST_KEY_UILaunchScreen_Generation = YES;
				INFOPLIST_KEY_UIStatusBarStyle = UIStatusBarStyleDarkContent;
				INFOPLIST_KEY_UISupportedInterfaceOrientations = UIInterfaceOrientationPortrait;
				INFOPLIST_KEY_UISupportedInterfaceOrientations_iPad = "UIInterfaceOrientationLandscapeLeft UIInterfaceOrientationLandscapeRight UIInterfaceOrientationPortrait UIInterfaceOrientationPortraitUpsideDown";
				IPHONEOS_DEPLOYMENT_TARGET = 15.5;
				LD_RUNPATH_SEARCH_PATHS = (
					"$(inherited)",
					"@executable_path/Frameworks",
				);
				MARKETING_VERSION = 1.2;
				PRODUCT_BUNDLE_IDENTIFIER = "br.ufpe.cin.academy-rsbj.WavePong";
				PRODUCT_NAME = Pong;
				SWIFT_EMIT_LOC_STRINGS = YES;
				SWIFT_VERSION = 5.0;
				TARGETED_DEVICE_FAMILY = "1,2";
			};
			name = Debug;
		};
		D3BF928A28FEF6CF00EEF09B /* Release */ = {
			isa = XCBuildConfiguration;
			buildSettings = {
				ASSETCATALOG_COMPILER_APPICON_NAME = AppIcon;
				ASSETCATALOG_COMPILER_GLOBAL_ACCENT_COLOR_NAME = AccentColor;
				CODE_SIGN_STYLE = Automatic;
				CURRENT_PROJECT_VERSION = 1;
				DEVELOPMENT_ASSET_PATHS = "\"WavePong/Preview Content\"";
				DEVELOPMENT_TEAM = 749Q737TF5;
				ENABLE_PREVIEWS = YES;
				GENERATE_INFOPLIST_FILE = YES;
				INFOPLIST_FILE = WavePong/Info.plist;
				INFOPLIST_KEY_CFBundleDisplayName = "Wave Pong";
				INFOPLIST_KEY_LSApplicationCategoryType = "public.app-category.games";
				INFOPLIST_KEY_UIApplicationSceneManifest_Generation = YES;
				INFOPLIST_KEY_UIApplicationSupportsIndirectInputEvents = YES;
				INFOPLIST_KEY_UILaunchScreen_Generation = YES;
				INFOPLIST_KEY_UIStatusBarStyle = UIStatusBarStyleDarkContent;
				INFOPLIST_KEY_UISupportedInterfaceOrientations = UIInterfaceOrientationPortrait;
				INFOPLIST_KEY_UISupportedInterfaceOrientations_iPad = "UIInterfaceOrientationLandscapeLeft UIInterfaceOrientationLandscapeRight UIInterfaceOrientationPortrait UIInterfaceOrientationPortraitUpsideDown";
				IPHONEOS_DEPLOYMENT_TARGET = 15.5;
				LD_RUNPATH_SEARCH_PATHS = (
					"$(inherited)",
					"@executable_path/Frameworks",
				);
				MARKETING_VERSION = 1.2;
				PRODUCT_BUNDLE_IDENTIFIER = "br.ufpe.cin.academy-rsbj.WavePong";
				PRODUCT_NAME = Pong;
				SWIFT_EMIT_LOC_STRINGS = YES;
				SWIFT_VERSION = 5.0;
				TARGETED_DEVICE_FAMILY = "1,2";
			};
			name = Release;
		};
/* End XCBuildConfiguration section */

/* Begin XCConfigurationList section */
		D3BF927528FEF6CD00EEF09B /* Build configuration list for PBXProject "Pong" */ = {
			isa = XCConfigurationList;
			buildConfigurations = (
				D3BF928628FEF6CF00EEF09B /* Debug */,
				D3BF928728FEF6CF00EEF09B /* Release */,
			);
			defaultConfigurationIsVisible = 0;
			defaultConfigurationName = Release;
		};
		D3BF928828FEF6CF00EEF09B /* Build configuration list for PBXNativeTarget "WavePong" */ = {
			isa = XCConfigurationList;
			buildConfigurations = (
				D3BF928928FEF6CF00EEF09B /* Debug */,
				D3BF928A28FEF6CF00EEF09B /* Release */,
			);
			defaultConfigurationIsVisible = 0;
			defaultConfigurationName = Release;
		};
/* End XCConfigurationList section */
	};
	rootObject = D3BF927228FEF6CD00EEF09B /* Project object */;
}
