// !$*UTF8*$!
{
	archiveVersion = 1;
	classes = {
	};
	objectVersion = 55;
	objects = {

/* Begin PBXBuildFile section */
		0C15E0012AA7ABD000E5680B /* GameSceneTests.swift in Sources */ = {isa = PBXBuildFile; fileRef = 0C15E0002AA7ABD000E5680B /* GameSceneTests.swift */; };
		0C1828342AB4094B00E659BF /* SoundManagerProtocol.swift in Sources */ = {isa = PBXBuildFile; fileRef = 0C1828332AB4094B00E659BF /* SoundManagerProtocol.swift */; };
		0C1CD0622AC75CDA00F02177 /* NewGameTheme.mp3 in Resources */ = {isa = PBXBuildFile; fileRef = 0C1CD0612AC75CDA00F02177 /* NewGameTheme.mp3 */; };
		0C26DA8A2A82E53A00844FB2 /* GameSceneView.swift in Sources */ = {isa = PBXBuildFile; fileRef = 0C26DA892A82E53A00844FB2 /* GameSceneView.swift */; };
		0C26DA8C2A83303200844FB2 /* Player.swift in Sources */ = {isa = PBXBuildFile; fileRef = 0C26DA8B2A83303200844FB2 /* Player.swift */; };
		0C27260E2A7EF6CC0069C5C9 /* HapticsManager.swift in Sources */ = {isa = PBXBuildFile; fileRef = 0C27260D2A7EF6CC0069C5C9 /* HapticsManager.swift */; };
		0C2BBDC72A7440BE0031480F /* GameScene.swift in Sources */ = {isa = PBXBuildFile; fileRef = 0C2BBDC62A7440BE0031480F /* GameScene.swift */; };
		0C3167202AA924D0006C596C /* MocksModels.swift in Sources */ = {isa = PBXBuildFile; fileRef = 0C50F77A2A9EC4FA004CC635 /* MocksModels.swift */; };
		0C376C5C2AB4E0B400BE393E /* AVAudioPlayer.swift in Sources */ = {isa = PBXBuildFile; fileRef = 0C376C5B2AB4E0B400BE393E /* AVAudioPlayer.swift */; };
		0C376C5E2AB4E0DD00BE393E /* AVAudioplayerFactory.swift in Sources */ = {isa = PBXBuildFile; fileRef = 0C376C5D2AB4E0DD00BE393E /* AVAudioplayerFactory.swift */; };
		0C49E0A12A93015D00118E77 /* ColorConstants.swift in Sources */ = {isa = PBXBuildFile; fileRef = 0C49E0A02A93015D00118E77 /* ColorConstants.swift */; };
		0C49E0A32A93A01700118E77 /* Cloud.swift in Sources */ = {isa = PBXBuildFile; fileRef = 0C49E0A22A93A01700118E77 /* Cloud.swift */; };
		0C5325352A9EB2DE007B8263 /* GameManagerTests.swift in Sources */ = {isa = PBXBuildFile; fileRef = 0C5325342A9EB2DE007B8263 /* GameManagerTests.swift */; };
		0C5325372A9EB376007B8263 /* GameManagerProtocol.swift in Sources */ = {isa = PBXBuildFile; fileRef = 0C5325362A9EB376007B8263 /* GameManagerProtocol.swift */; };
		0C6253152AB8DC090051D5D5 /* GameManagerBuilder.swift in Sources */ = {isa = PBXBuildFile; fileRef = 0C6253142AB8DC090051D5D5 /* GameManagerBuilder.swift */; };
		0C62531A2ABA1BA60051D5D5 /* SelectDifficultyLabel.swift in Sources */ = {isa = PBXBuildFile; fileRef = 0C6253192ABA1BA60051D5D5 /* SelectDifficultyLabel.swift */; };
		0C6363EC2A8BEA57002DAB8C /* PauseNode.swift in Sources */ = {isa = PBXBuildFile; fileRef = 0C6363EB2A8BEA57002DAB8C /* PauseNode.swift */; };
		0C6363EE2A8BF830002DAB8C /* ScoreLabel.swift in Sources */ = {isa = PBXBuildFile; fileRef = 0C6363ED2A8BF830002DAB8C /* ScoreLabel.swift */; };
		0C6363F02A8D0A28002DAB8C /* GameSceneViewModel.swift in Sources */ = {isa = PBXBuildFile; fileRef = 0C6363EF2A8D0A28002DAB8C /* GameSceneViewModel.swift */; };
		0C6363F22A8D266A002DAB8C /* IconButton.swift in Sources */ = {isa = PBXBuildFile; fileRef = 0C6363F12A8D266A002DAB8C /* IconButton.swift */; };
		0C6363F42A8D268F002DAB8C /* LabelButton.swift in Sources */ = {isa = PBXBuildFile; fileRef = 0C6363F32A8D268F002DAB8C /* LabelButton.swift */; };
		0C6B93AB2A7EE46200023DC8 /* GameSceneDelegate.swift in Sources */ = {isa = PBXBuildFile; fileRef = 0C6B93AA2A7EE46200023DC8 /* GameSceneDelegate.swift */; };
		0C8D17452ABE2CBC00F82985 /* UpdatableSceneNodes.swift in Sources */ = {isa = PBXBuildFile; fileRef = 0C8D17442ABE2CBC00F82985 /* UpdatableSceneNodes.swift */; };
		0C956B572A953D2400277D99 /* GoogleService-Info.plist in Resources */ = {isa = PBXBuildFile; fileRef = 0C956B562A953D2400277D99 /* GoogleService-Info.plist */; };
		0C956B5A2A95420800277D99 /* FirebaseAnalyticsSwift in Frameworks */ = {isa = PBXBuildFile; productRef = 0C956B592A95420800277D99 /* FirebaseAnalyticsSwift */; };
		0C956B5C2A95420800277D99 /* FirebaseAnalyticsWithoutAdIdSupport in Frameworks */ = {isa = PBXBuildFile; productRef = 0C956B5B2A95420800277D99 /* FirebaseAnalyticsWithoutAdIdSupport */; };
		0C989CA32AB39936002BEBCB /* SoundManagerTests.swift in Sources */ = {isa = PBXBuildFile; fileRef = 0C989CA22AB39936002BEBCB /* SoundManagerTests.swift */; };
		0C98A6562A9E8F67001CFF2B /* UserDefaulteble.swift in Sources */ = {isa = PBXBuildFile; fileRef = 0C98A6552A9E8F67001CFF2B /* UserDefaulteble.swift */; };
		0CAA59C12A9E725300BEA7EA /* PongTests.swift in Sources */ = {isa = PBXBuildFile; fileRef = 0CAA59C02A9E725300BEA7EA /* PongTests.swift */; };
		0CAA59C72A9E726300BEA7EA /* PlayerTests.swift in Sources */ = {isa = PBXBuildFile; fileRef = 0CAA59B82A9E717000BEA7EA /* PlayerTests.swift */; };
		0CAA59CA2A9E73DA00BEA7EA /* FirebaseAnalytics in Frameworks */ = {isa = PBXBuildFile; productRef = 0CAA59C92A9E73DA00BEA7EA /* FirebaseAnalytics */; };
		0CC0C16D2AA6613F00E13FE9 /* AnalyticsManager.swift in Sources */ = {isa = PBXBuildFile; fileRef = 0CC0C16C2AA6613F00E13FE9 /* AnalyticsManager.swift */; };
		0CC0C1712AA6651A00E13FE9 /* GameManagerSettings.swift in Sources */ = {isa = PBXBuildFile; fileRef = 0CC0C1702AA6651A00E13FE9 /* GameManagerSettings.swift */; };
		0CCCE3312A8AA60F00BCB4E5 /* Fonts Extension.swift in Sources */ = {isa = PBXBuildFile; fileRef = 0CCCE3302A8AA60F00BCB4E5 /* Fonts Extension.swift */; };
		0CCCE3332A8ADB0000BCB4E5 /* GameManagerDelegate.swift in Sources */ = {isa = PBXBuildFile; fileRef = 0CCCE3322A8ADB0000BCB4E5 /* GameManagerDelegate.swift */; };
		0CCCE3352A8ADB2500BCB4E5 /* GameColisionDelegate.swift in Sources */ = {isa = PBXBuildFile; fileRef = 0CCCE3342A8ADB2500BCB4E5 /* GameColisionDelegate.swift */; };
		0CD122122A744D3000E486B0 /* Ball.swift in Sources */ = {isa = PBXBuildFile; fileRef = 0CD122112A744D3000E486B0 /* Ball.swift */; };
		0CDDC9C42ABA209E008CA575 /* SelectDifficultyViewModel.swift in Sources */ = {isa = PBXBuildFile; fileRef = 0CDDC9C32ABA209E008CA575 /* SelectDifficultyViewModel.swift */; };
		0CE00EF32AB409FC008C1E06 /* HapticsManagerProtocols.swift in Sources */ = {isa = PBXBuildFile; fileRef = 0CE00EF22AB409FC008C1E06 /* HapticsManagerProtocols.swift */; };
		0CE00EF52AB40A57008C1E06 /* FeedBackGeneratebleProtocols.swift in Sources */ = {isa = PBXBuildFile; fileRef = 0CE00EF42AB40A57008C1E06 /* FeedBackGeneratebleProtocols.swift */; };
		0CE00EF72AB40A88008C1E06 /* ImpactFeedbackGeneratorFactory.swift in Sources */ = {isa = PBXBuildFile; fileRef = 0CE00EF62AB40A88008C1E06 /* ImpactFeedbackGeneratorFactory.swift */; };
		0CE00EF92AB47647008C1E06 /* HapticsManagerTests.swift in Sources */ = {isa = PBXBuildFile; fileRef = 0CE00EF82AB47647008C1E06 /* HapticsManagerTests.swift */; };
		0CF648572A7846AD00282A52 /* SoundManager.swift in Sources */ = {isa = PBXBuildFile; fileRef = 0CF648562A7846AD00282A52 /* SoundManager.swift */; };
		0CF648592A7847CF00282A52 /* WavePong_soundtrack.mp3 in Resources */ = {isa = PBXBuildFile; fileRef = 0CF648582A7847CF00282A52 /* WavePong_soundtrack.mp3 */; };
		0CF648632A7944AA00282A52 /* surprise.mp3 in Resources */ = {isa = PBXBuildFile; fileRef = 0CF6485B2A7944AA00282A52 /* surprise.mp3 */; };
		0CF648642A7944AA00282A52 /* winzinho.mp3 in Resources */ = {isa = PBXBuildFile; fileRef = 0CF6485C2A7944AA00282A52 /* winzinho.mp3 */; };
		0CF648652A7944AA00282A52 /* alert.mp3 in Resources */ = {isa = PBXBuildFile; fileRef = 0CF6485D2A7944AA00282A52 /* alert.mp3 */; };
		0CF648662A7944AA00282A52 /* bounce.mp3 in Resources */ = {isa = PBXBuildFile; fileRef = 0CF6485E2A7944AA00282A52 /* bounce.mp3 */; };
		0CF648672A7944AA00282A52 /* hehe.mp3 in Resources */ = {isa = PBXBuildFile; fileRef = 0CF6485F2A7944AA00282A52 /* hehe.mp3 */; };
		0CF648682A7944AA00282A52 /* mouse.mp3 in Resources */ = {isa = PBXBuildFile; fileRef = 0CF648602A7944AA00282A52 /* mouse.mp3 */; };
		0CF648692A7944AA00282A52 /* failed.mp3 in Resources */ = {isa = PBXBuildFile; fileRef = 0CF648612A7944AA00282A52 /* failed.mp3 */; };
		0CF6486A2A7944AA00282A52 /* cuteClick.mp3 in Resources */ = {isa = PBXBuildFile; fileRef = 0CF648622A7944AA00282A52 /* cuteClick.mp3 */; };
		0CF648702A79A40500282A52 /* FXSoundsEnuns.swift in Sources */ = {isa = PBXBuildFile; fileRef = 0CF6486F2A79A40500282A52 /* FXSoundsEnuns.swift */; };
		0CF648862A7D23AB00282A52 /* bonus.mp3 in Resources */ = {isa = PBXBuildFile; fileRef = 0CF6487F2A7D23AA00282A52 /* bonus.mp3 */; };
		0CF648872A7D23AB00282A52 /* success.mp3 in Resources */ = {isa = PBXBuildFile; fileRef = 0CF648802A7D23AA00282A52 /* success.mp3 */; };
		0CF648882A7D23AB00282A52 /* shooting.mp3 in Resources */ = {isa = PBXBuildFile; fileRef = 0CF648812A7D23AB00282A52 /* shooting.mp3 */; };
		0CF648892A7D23AB00282A52 /* horse.mp3 in Resources */ = {isa = PBXBuildFile; fileRef = 0CF648822A7D23AB00282A52 /* horse.mp3 */; };
		0CF6488A2A7D23AB00282A52 /* transition.mp3 in Resources */ = {isa = PBXBuildFile; fileRef = 0CF648832A7D23AB00282A52 /* transition.mp3 */; };
		0CF6488B2A7D23AB00282A52 /* winter.mp3 in Resources */ = {isa = PBXBuildFile; fileRef = 0CF648842A7D23AB00282A52 /* winter.mp3 */; };
		0CF6488C2A7D23AB00282A52 /* slimejump.mp3 in Resources */ = {isa = PBXBuildFile; fileRef = 0CF648852A7D23AB00282A52 /* slimejump.mp3 */; };
		0CFA71202AC20BEE00982585 /* OnboardingSceneView.swift in Sources */ = {isa = PBXBuildFile; fileRef = 0CFA711F2AC20BEE00982585 /* OnboardingSceneView.swift */; };
		0D6680FC2AA8F3BE0043C58B /* ImageConstants.swift in Sources */ = {isa = PBXBuildFile; fileRef = 0D6680FB2AA8F3BE0043C58B /* ImageConstants.swift */; };
		0D7E1FCA2AB238240082D3A1 /* ChipManager.swift in Sources */ = {isa = PBXBuildFile; fileRef = 0D7E1FC92AB238240082D3A1 /* ChipManager.swift */; };
		0DB4EFE52A954BF1002E441A /* GameCenterManager.swift in Sources */ = {isa = PBXBuildFile; fileRef = 0DB4EFE42A954BF1002E441A /* GameCenterManager.swift */; };
		0DB4EFE72A954C8E002E441A /* GameCenterView.swift in Sources */ = {isa = PBXBuildFile; fileRef = 0DB4EFE62A954C8E002E441A /* GameCenterView.swift */; };
		0DF0390C2A93E07C0005551B /* AppDelegate.swift in Sources */ = {isa = PBXBuildFile; fileRef = 0DF0390B2A93E07C0005551B /* AppDelegate.swift */; };
		0DF0390E2A93E0D60005551B /* NotificationManager.swift in Sources */ = {isa = PBXBuildFile; fileRef = 0DF0390D2A93E0D60005551B /* NotificationManager.swift */; };
		0DF039112A93E11E0005551B /* NotificationType.swift in Sources */ = {isa = PBXBuildFile; fileRef = 0DF039102A93E11E0005551B /* NotificationType.swift */; };
		0DF638212A78496100CCC34B /* PhysicsDetection.swift in Sources */ = {isa = PBXBuildFile; fileRef = 0DF638202A78496100CCC34B /* PhysicsDetection.swift */; };
		864FCABB2908661E00CA0664 /* DaysOne-Regular.ttf in Resources */ = {isa = PBXBuildFile; fileRef = 864FCABA2908661E00CA0664 /* DaysOne-Regular.ttf */; };
		BCD63B9629114B0A006C8DE8 /* strasua.ttf in Resources */ = {isa = PBXBuildFile; fileRef = BCD63B95291149ED006C8DE8 /* strasua.ttf */; };
		D30104482AB8DBEE00A72F9D /* OnboardingManager.swift in Sources */ = {isa = PBXBuildFile; fileRef = D30104472AB8DBEE00A72F9D /* OnboardingManager.swift */; };
		D306E2222AA10E7A004F0D9C /* SelectDifficultyView.swift in Sources */ = {isa = PBXBuildFile; fileRef = D306E2212AA10E7A004F0D9C /* SelectDifficultyView.swift */; };
		D306E2282AA11C96004F0D9C /* NavigationHelper.swift in Sources */ = {isa = PBXBuildFile; fileRef = D306E2272AA11C96004F0D9C /* NavigationHelper.swift */; };
		D30EF6DC2A79CC5800125DB0 /* GameManager.swift in Sources */ = {isa = PBXBuildFile; fileRef = D30EF6DB2A79CC5800125DB0 /* GameManager.swift */; };
		D30F4E7D2AA7A55600554275 /* Localizable.strings in Resources */ = {isa = PBXBuildFile; fileRef = D30F4E7F2AA7A55600554275 /* Localizable.strings */; };
		D30F4E822AA7A6C200554275 /* StringsConstantsModel.swift in Sources */ = {isa = PBXBuildFile; fileRef = D30F4E812AA7A6C200554275 /* StringsConstantsModel.swift */; };
		D30F4E852AA8E47E00554275 /* SelectBallView.swift in Sources */ = {isa = PBXBuildFile; fileRef = D30F4E842AA8E47E00554275 /* SelectBallView.swift */; };
		D30F4E872AA8E4A300554275 /* CustomizeblesEnum.swift in Sources */ = {isa = PBXBuildFile; fileRef = D30F4E862AA8E4A300554275 /* CustomizeblesEnum.swift */; };
		D32842CA2A7E9FA0007FF85B /* MenuView.swift in Sources */ = {isa = PBXBuildFile; fileRef = D32842C92A7E9FA0007FF85B /* MenuView.swift */; };
		D32842CC2A7E9FBC007FF85B /* ConfigurationView.swift in Sources */ = {isa = PBXBuildFile; fileRef = D32842CB2A7E9FBC007FF85B /* ConfigurationView.swift */; };
		D334053A2A784626006CA42B /* GameScene+Touches.swift in Sources */ = {isa = PBXBuildFile; fileRef = D33405392A784626006CA42B /* GameScene+Touches.swift */; };
		D334053C2A7846DA006CA42B /* GameScene+Setup.swift in Sources */ = {isa = PBXBuildFile; fileRef = D334053B2A7846DA006CA42B /* GameScene+Setup.swift */; };
		D334053E2A784842006CA42B /* Paddle.swift in Sources */ = {isa = PBXBuildFile; fileRef = D334053D2A784842006CA42B /* Paddle.swift */; };
		D345AE952ABA0B5700AB528A /* OnboardingTests.swift in Sources */ = {isa = PBXBuildFile; fileRef = D345AE942ABA0B5700AB528A /* OnboardingTests.swift */; };
		D35EF5452A8AA7C900BD946E /* OnboardingView.swift in Sources */ = {isa = PBXBuildFile; fileRef = D35EF5442A8AA7C900BD946E /* OnboardingView.swift */; };
		D35EF5482A8AA83600BD946E /* FoneView.swift in Sources */ = {isa = PBXBuildFile; fileRef = D35EF5472A8AA83600BD946E /* FoneView.swift */; };
		D35EF54A2A8AA86700BD946E /* RaqueteView.swift in Sources */ = {isa = PBXBuildFile; fileRef = D35EF5492A8AA86700BD946E /* RaqueteView.swift */; };
		D35EF54C2A8AA9B000BD946E /* PosicaoView.swift in Sources */ = {isa = PBXBuildFile; fileRef = D35EF54B2A8AA9B000BD946E /* PosicaoView.swift */; };
		D35EF54E2A8AA9BC00BD946E /* RebaterView.swift in Sources */ = {isa = PBXBuildFile; fileRef = D35EF54D2A8AA9BC00BD946E /* RebaterView.swift */; };
		D35EF5502A8AAA3000BD946E /* PausarView.swift in Sources */ = {isa = PBXBuildFile; fileRef = D35EF54F2A8AAA3000BD946E /* PausarView.swift */; };
		D37939342AB2277600D22457 /* GoogleMobileAds in Frameworks */ = {isa = PBXBuildFile; productRef = D37939332AB2277600D22457 /* GoogleMobileAds */; };
		D37939362AB230C200D22457 /* Ads.swift in Sources */ = {isa = PBXBuildFile; fileRef = D37939352AB230C200D22457 /* Ads.swift */; };
		D391191D2A958A4200CA3C9E /* explosion.wav in Resources */ = {isa = PBXBuildFile; fileRef = D391191C2A958A4200CA3C9E /* explosion.wav */; };
		D391191F2A958BC000CA3C9E /* pickupCoin.wav in Resources */ = {isa = PBXBuildFile; fileRef = D391191E2A958BC000CA3C9E /* pickupCoin.wav */; };
		D3AC7C582A968B6600AFE1A7 /* AddAccessibilityDirectInteractionTrait.swift in Sources */ = {isa = PBXBuildFile; fileRef = D3AC7C572A968B6600AFE1A7 /* AddAccessibilityDirectInteractionTrait.swift */; };
		D3AEE22F2A96607200ED2382 /* ComingSoonView.swift in Sources */ = {isa = PBXBuildFile; fileRef = D3AEE22E2A96607200ED2382 /* ComingSoonView.swift */; };
		D3AEF2ED2A9D3B7600EE10A7 /* ConfigurationViewComponents.swift in Sources */ = {isa = PBXBuildFile; fileRef = D3AEF2EC2A9D3B7600EE10A7 /* ConfigurationViewComponents.swift */; };
		D3AEF2EF2A9D3C2100EE10A7 /* CustomToggleStyles.swift in Sources */ = {isa = PBXBuildFile; fileRef = D3AEF2EE2A9D3C2100EE10A7 /* CustomToggleStyles.swift */; };
		D3BF927E28FEF6CD00EEF09B /* PongApp.swift in Sources */ = {isa = PBXBuildFile; fileRef = D3BF927D28FEF6CD00EEF09B /* PongApp.swift */; };
		D3BF928228FEF6CF00EEF09B /* Assets.xcassets in Resources */ = {isa = PBXBuildFile; fileRef = D3BF928128FEF6CF00EEF09B /* Assets.xcassets */; };
		D3BF928528FEF6CF00EEF09B /* Preview Assets.xcassets in Resources */ = {isa = PBXBuildFile; fileRef = D3BF928428FEF6CF00EEF09B /* Preview Assets.xcassets */; };
		D3C24F1A2A954A430083F842 /* countDownEnd.wav in Resources */ = {isa = PBXBuildFile; fileRef = D3C24F182A954A430083F842 /* countDownEnd.wav */; };
		D3C24F1B2A954A430083F842 /* countDownBip.wav in Resources */ = {isa = PBXBuildFile; fileRef = D3C24F192A954A430083F842 /* countDownBip.wav */; };
		D3D2DD712ABE216A00732116 /* AudioOrientationInfo.swift in Sources */ = {isa = PBXBuildFile; fileRef = D3D2DD702ABE216A00732116 /* AudioOrientationInfo.swift */; };
		D3D2DD732ABE219700732116 /* AudioOrientationStrategy.swift in Sources */ = {isa = PBXBuildFile; fileRef = D3D2DD722ABE219700732116 /* AudioOrientationStrategy.swift */; };
		D3E10B6C2A86BE5800E30649 /* Border.swift in Sources */ = {isa = PBXBuildFile; fileRef = D3E10B6B2A86BE5800E30649 /* Border.swift */; };
		D3FF91FB2AB5D39600B12C64 /* AdsTests.swift in Sources */ = {isa = PBXBuildFile; fileRef = D3FF91FA2AB5D39600B12C64 /* AdsTests.swift */; };
/* End PBXBuildFile section */

/* Begin PBXContainerItemProxy section */
		0CAA59C22A9E725300BEA7EA /* PBXContainerItemProxy */ = {
			isa = PBXContainerItemProxy;
			containerPortal = D3BF927228FEF6CD00EEF09B /* Project object */;
			proxyType = 1;
			remoteGlobalIDString = D3BF927928FEF6CD00EEF09B;
			remoteInfo = WavePong;
		};
/* End PBXContainerItemProxy section */

/* Begin PBXFileReference section */
		0C15E0002AA7ABD000E5680B /* GameSceneTests.swift */ = {isa = PBXFileReference; lastKnownFileType = sourcecode.swift; path = GameSceneTests.swift; sourceTree = "<group>"; };
		0C1828332AB4094B00E659BF /* SoundManagerProtocol.swift */ = {isa = PBXFileReference; lastKnownFileType = sourcecode.swift; path = SoundManagerProtocol.swift; sourceTree = "<group>"; };
		0C1CD0612AC75CDA00F02177 /* NewGameTheme.mp3 */ = {isa = PBXFileReference; lastKnownFileType = audio.mp3; path = NewGameTheme.mp3; sourceTree = "<group>"; };
		0C26DA892A82E53A00844FB2 /* GameSceneView.swift */ = {isa = PBXFileReference; lastKnownFileType = sourcecode.swift; path = GameSceneView.swift; sourceTree = "<group>"; };
		0C26DA8B2A83303200844FB2 /* Player.swift */ = {isa = PBXFileReference; lastKnownFileType = sourcecode.swift; path = Player.swift; sourceTree = "<group>"; };
		0C27260D2A7EF6CC0069C5C9 /* HapticsManager.swift */ = {isa = PBXFileReference; lastKnownFileType = sourcecode.swift; path = HapticsManager.swift; sourceTree = "<group>"; };
		0C2BBDC62A7440BE0031480F /* GameScene.swift */ = {isa = PBXFileReference; lastKnownFileType = sourcecode.swift; path = GameScene.swift; sourceTree = "<group>"; };
		0C376C5B2AB4E0B400BE393E /* AVAudioPlayer.swift */ = {isa = PBXFileReference; lastKnownFileType = sourcecode.swift; path = AVAudioPlayer.swift; sourceTree = "<group>"; };
		0C376C5D2AB4E0DD00BE393E /* AVAudioplayerFactory.swift */ = {isa = PBXFileReference; lastKnownFileType = sourcecode.swift; path = AVAudioplayerFactory.swift; sourceTree = "<group>"; };
		0C49E0A02A93015D00118E77 /* ColorConstants.swift */ = {isa = PBXFileReference; lastKnownFileType = sourcecode.swift; path = ColorConstants.swift; sourceTree = "<group>"; };
		0C49E0A22A93A01700118E77 /* Cloud.swift */ = {isa = PBXFileReference; lastKnownFileType = sourcecode.swift; path = Cloud.swift; sourceTree = "<group>"; };
		0C50F77A2A9EC4FA004CC635 /* MocksModels.swift */ = {isa = PBXFileReference; lastKnownFileType = sourcecode.swift; path = MocksModels.swift; sourceTree = "<group>"; };
		0C5325342A9EB2DE007B8263 /* GameManagerTests.swift */ = {isa = PBXFileReference; lastKnownFileType = sourcecode.swift; path = GameManagerTests.swift; sourceTree = "<group>"; };
		0C5325362A9EB376007B8263 /* GameManagerProtocol.swift */ = {isa = PBXFileReference; lastKnownFileType = sourcecode.swift; path = GameManagerProtocol.swift; sourceTree = "<group>"; };
		0C6253142AB8DC090051D5D5 /* GameManagerBuilder.swift */ = {isa = PBXFileReference; lastKnownFileType = sourcecode.swift; path = GameManagerBuilder.swift; sourceTree = "<group>"; };
		0C6253192ABA1BA60051D5D5 /* SelectDifficultyLabel.swift */ = {isa = PBXFileReference; lastKnownFileType = sourcecode.swift; path = SelectDifficultyLabel.swift; sourceTree = "<group>"; };
		0C6363EB2A8BEA57002DAB8C /* PauseNode.swift */ = {isa = PBXFileReference; lastKnownFileType = sourcecode.swift; path = PauseNode.swift; sourceTree = "<group>"; };
		0C6363ED2A8BF830002DAB8C /* ScoreLabel.swift */ = {isa = PBXFileReference; lastKnownFileType = sourcecode.swift; path = ScoreLabel.swift; sourceTree = "<group>"; };
		0C6363EF2A8D0A28002DAB8C /* GameSceneViewModel.swift */ = {isa = PBXFileReference; lastKnownFileType = sourcecode.swift; path = GameSceneViewModel.swift; sourceTree = "<group>"; };
		0C6363F12A8D266A002DAB8C /* IconButton.swift */ = {isa = PBXFileReference; lastKnownFileType = sourcecode.swift; path = IconButton.swift; sourceTree = "<group>"; };
		0C6363F32A8D268F002DAB8C /* LabelButton.swift */ = {isa = PBXFileReference; lastKnownFileType = sourcecode.swift; path = LabelButton.swift; sourceTree = "<group>"; };
		0C6B93AA2A7EE46200023DC8 /* GameSceneDelegate.swift */ = {isa = PBXFileReference; lastKnownFileType = sourcecode.swift; path = GameSceneDelegate.swift; sourceTree = "<group>"; };
		0C8D17442ABE2CBC00F82985 /* UpdatableSceneNodes.swift */ = {isa = PBXFileReference; lastKnownFileType = sourcecode.swift; path = UpdatableSceneNodes.swift; sourceTree = "<group>"; };
		0C956B562A953D2400277D99 /* GoogleService-Info.plist */ = {isa = PBXFileReference; fileEncoding = 4; lastKnownFileType = text.plist.xml; path = "GoogleService-Info.plist"; sourceTree = "<group>"; };
		0C989CA22AB39936002BEBCB /* SoundManagerTests.swift */ = {isa = PBXFileReference; lastKnownFileType = sourcecode.swift; path = SoundManagerTests.swift; sourceTree = "<group>"; };
		0C98A6552A9E8F67001CFF2B /* UserDefaulteble.swift */ = {isa = PBXFileReference; lastKnownFileType = sourcecode.swift; path = UserDefaulteble.swift; sourceTree = "<group>"; };
		0CAA59B82A9E717000BEA7EA /* PlayerTests.swift */ = {isa = PBXFileReference; lastKnownFileType = sourcecode.swift; path = PlayerTests.swift; sourceTree = "<group>"; };
		0CAA59BE2A9E725300BEA7EA /* PongTests.xctest */ = {isa = PBXFileReference; explicitFileType = wrapper.cfbundle; includeInIndex = 0; path = PongTests.xctest; sourceTree = BUILT_PRODUCTS_DIR; };
		0CAA59C02A9E725300BEA7EA /* PongTests.swift */ = {isa = PBXFileReference; lastKnownFileType = sourcecode.swift; path = PongTests.swift; sourceTree = "<group>"; };
		0CC0C16C2AA6613F00E13FE9 /* AnalyticsManager.swift */ = {isa = PBXFileReference; lastKnownFileType = sourcecode.swift; path = AnalyticsManager.swift; sourceTree = "<group>"; };
		0CC0C1702AA6651A00E13FE9 /* GameManagerSettings.swift */ = {isa = PBXFileReference; lastKnownFileType = sourcecode.swift; path = GameManagerSettings.swift; sourceTree = "<group>"; };
		0CCCE3302A8AA60F00BCB4E5 /* Fonts Extension.swift */ = {isa = PBXFileReference; lastKnownFileType = sourcecode.swift; path = "Fonts Extension.swift"; sourceTree = "<group>"; };
		0CCCE3322A8ADB0000BCB4E5 /* GameManagerDelegate.swift */ = {isa = PBXFileReference; lastKnownFileType = sourcecode.swift; path = GameManagerDelegate.swift; sourceTree = "<group>"; };
		0CCCE3342A8ADB2500BCB4E5 /* GameColisionDelegate.swift */ = {isa = PBXFileReference; lastKnownFileType = sourcecode.swift; path = GameColisionDelegate.swift; sourceTree = "<group>"; };
		0CD122112A744D3000E486B0 /* Ball.swift */ = {isa = PBXFileReference; lastKnownFileType = sourcecode.swift; path = Ball.swift; sourceTree = "<group>"; };
		0CDDAA742AA11C2900D6E0B0 /* WavePongTestPlan.xctestplan */ = {isa = PBXFileReference; lastKnownFileType = text; path = WavePongTestPlan.xctestplan; sourceTree = "<group>"; };
		0CDDC9C32ABA209E008CA575 /* SelectDifficultyViewModel.swift */ = {isa = PBXFileReference; lastKnownFileType = sourcecode.swift; path = SelectDifficultyViewModel.swift; sourceTree = "<group>"; };
		0CE00EF22AB409FC008C1E06 /* HapticsManagerProtocols.swift */ = {isa = PBXFileReference; lastKnownFileType = sourcecode.swift; path = HapticsManagerProtocols.swift; sourceTree = "<group>"; };
		0CE00EF42AB40A57008C1E06 /* FeedBackGeneratebleProtocols.swift */ = {isa = PBXFileReference; lastKnownFileType = sourcecode.swift; path = FeedBackGeneratebleProtocols.swift; sourceTree = "<group>"; };
		0CE00EF62AB40A88008C1E06 /* ImpactFeedbackGeneratorFactory.swift */ = {isa = PBXFileReference; lastKnownFileType = sourcecode.swift; path = ImpactFeedbackGeneratorFactory.swift; sourceTree = "<group>"; };
		0CE00EF82AB47647008C1E06 /* HapticsManagerTests.swift */ = {isa = PBXFileReference; lastKnownFileType = sourcecode.swift; path = HapticsManagerTests.swift; sourceTree = "<group>"; };
		0CF648562A7846AD00282A52 /* SoundManager.swift */ = {isa = PBXFileReference; lastKnownFileType = sourcecode.swift; path = SoundManager.swift; sourceTree = "<group>"; };
		0CF648582A7847CF00282A52 /* WavePong_soundtrack.mp3 */ = {isa = PBXFileReference; lastKnownFileType = audio.mp3; path = WavePong_soundtrack.mp3; sourceTree = "<group>"; };
		0CF6485B2A7944AA00282A52 /* surprise.mp3 */ = {isa = PBXFileReference; lastKnownFileType = audio.mp3; path = surprise.mp3; sourceTree = "<group>"; };
		0CF6485C2A7944AA00282A52 /* winzinho.mp3 */ = {isa = PBXFileReference; lastKnownFileType = audio.mp3; path = winzinho.mp3; sourceTree = "<group>"; };
		0CF6485D2A7944AA00282A52 /* alert.mp3 */ = {isa = PBXFileReference; lastKnownFileType = audio.mp3; path = alert.mp3; sourceTree = "<group>"; };
		0CF6485E2A7944AA00282A52 /* bounce.mp3 */ = {isa = PBXFileReference; lastKnownFileType = audio.mp3; path = bounce.mp3; sourceTree = "<group>"; };
		0CF6485F2A7944AA00282A52 /* hehe.mp3 */ = {isa = PBXFileReference; lastKnownFileType = audio.mp3; path = hehe.mp3; sourceTree = "<group>"; };
		0CF648602A7944AA00282A52 /* mouse.mp3 */ = {isa = PBXFileReference; lastKnownFileType = audio.mp3; path = mouse.mp3; sourceTree = "<group>"; };
		0CF648612A7944AA00282A52 /* failed.mp3 */ = {isa = PBXFileReference; lastKnownFileType = audio.mp3; path = failed.mp3; sourceTree = "<group>"; };
		0CF648622A7944AA00282A52 /* cuteClick.mp3 */ = {isa = PBXFileReference; lastKnownFileType = audio.mp3; path = cuteClick.mp3; sourceTree = "<group>"; };
		0CF6486F2A79A40500282A52 /* FXSoundsEnuns.swift */ = {isa = PBXFileReference; lastKnownFileType = sourcecode.swift; path = FXSoundsEnuns.swift; sourceTree = "<group>"; };
		0CF6487F2A7D23AA00282A52 /* bonus.mp3 */ = {isa = PBXFileReference; lastKnownFileType = audio.mp3; path = bonus.mp3; sourceTree = "<group>"; };
		0CF648802A7D23AA00282A52 /* success.mp3 */ = {isa = PBXFileReference; lastKnownFileType = audio.mp3; path = success.mp3; sourceTree = "<group>"; };
		0CF648812A7D23AB00282A52 /* shooting.mp3 */ = {isa = PBXFileReference; lastKnownFileType = audio.mp3; path = shooting.mp3; sourceTree = "<group>"; };
		0CF648822A7D23AB00282A52 /* horse.mp3 */ = {isa = PBXFileReference; lastKnownFileType = audio.mp3; path = horse.mp3; sourceTree = "<group>"; };
		0CF648832A7D23AB00282A52 /* transition.mp3 */ = {isa = PBXFileReference; lastKnownFileType = audio.mp3; path = transition.mp3; sourceTree = "<group>"; };
		0CF648842A7D23AB00282A52 /* winter.mp3 */ = {isa = PBXFileReference; lastKnownFileType = audio.mp3; path = winter.mp3; sourceTree = "<group>"; };
		0CF648852A7D23AB00282A52 /* slimejump.mp3 */ = {isa = PBXFileReference; lastKnownFileType = audio.mp3; path = slimejump.mp3; sourceTree = "<group>"; };
		0CFA711F2AC20BEE00982585 /* OnboardingSceneView.swift */ = {isa = PBXFileReference; lastKnownFileType = sourcecode.swift; path = OnboardingSceneView.swift; sourceTree = "<group>"; };
		0D6680FB2AA8F3BE0043C58B /* ImageConstants.swift */ = {isa = PBXFileReference; lastKnownFileType = sourcecode.swift; path = ImageConstants.swift; sourceTree = "<group>"; };
		0D7E1FC92AB238240082D3A1 /* ChipManager.swift */ = {isa = PBXFileReference; lastKnownFileType = sourcecode.swift; path = ChipManager.swift; sourceTree = "<group>"; };
		0DB4EFE42A954BF1002E441A /* GameCenterManager.swift */ = {isa = PBXFileReference; lastKnownFileType = sourcecode.swift; path = GameCenterManager.swift; sourceTree = "<group>"; };
		0DB4EFE62A954C8E002E441A /* GameCenterView.swift */ = {isa = PBXFileReference; lastKnownFileType = sourcecode.swift; path = GameCenterView.swift; sourceTree = "<group>"; };
		0DF0390B2A93E07C0005551B /* AppDelegate.swift */ = {isa = PBXFileReference; lastKnownFileType = sourcecode.swift; path = AppDelegate.swift; sourceTree = "<group>"; };
		0DF0390D2A93E0D60005551B /* NotificationManager.swift */ = {isa = PBXFileReference; lastKnownFileType = sourcecode.swift; path = NotificationManager.swift; sourceTree = "<group>"; };
		0DF039102A93E11E0005551B /* NotificationType.swift */ = {isa = PBXFileReference; lastKnownFileType = sourcecode.swift; path = NotificationType.swift; sourceTree = "<group>"; };
		0DF638202A78496100CCC34B /* PhysicsDetection.swift */ = {isa = PBXFileReference; lastKnownFileType = sourcecode.swift; path = PhysicsDetection.swift; sourceTree = "<group>"; };
		864FCABA2908661E00CA0664 /* DaysOne-Regular.ttf */ = {isa = PBXFileReference; lastKnownFileType = file; path = "DaysOne-Regular.ttf"; sourceTree = "<group>"; };
		864FCABD2908665A00CA0664 /* Info.plist */ = {isa = PBXFileReference; lastKnownFileType = text.plist.xml; path = Info.plist; sourceTree = "<group>"; };
		BCD63B95291149ED006C8DE8 /* strasua.ttf */ = {isa = PBXFileReference; lastKnownFileType = file; path = strasua.ttf; sourceTree = "<group>"; };
		D30104472AB8DBEE00A72F9D /* OnboardingManager.swift */ = {isa = PBXFileReference; lastKnownFileType = sourcecode.swift; path = OnboardingManager.swift; sourceTree = "<group>"; };
		D306E2212AA10E7A004F0D9C /* SelectDifficultyView.swift */ = {isa = PBXFileReference; lastKnownFileType = sourcecode.swift; path = SelectDifficultyView.swift; sourceTree = "<group>"; };
		D306E2272AA11C96004F0D9C /* NavigationHelper.swift */ = {isa = PBXFileReference; fileEncoding = 4; lastKnownFileType = sourcecode.swift; path = NavigationHelper.swift; sourceTree = "<group>"; };
		D30EF6DB2A79CC5800125DB0 /* GameManager.swift */ = {isa = PBXFileReference; lastKnownFileType = sourcecode.swift; path = GameManager.swift; sourceTree = "<group>"; };
		D30F4E7E2AA7A55600554275 /* pt-BR */ = {isa = PBXFileReference; lastKnownFileType = text.plist.strings; name = "pt-BR"; path = "pt-BR.lproj/Localizable.strings"; sourceTree = "<group>"; };
		D30F4E802AA7A55A00554275 /* en */ = {isa = PBXFileReference; lastKnownFileType = text.plist.strings; name = en; path = en.lproj/Localizable.strings; sourceTree = "<group>"; };
		D30F4E812AA7A6C200554275 /* StringsConstantsModel.swift */ = {isa = PBXFileReference; lastKnownFileType = sourcecode.swift; path = StringsConstantsModel.swift; sourceTree = "<group>"; };
		D30F4E842AA8E47E00554275 /* SelectBallView.swift */ = {isa = PBXFileReference; lastKnownFileType = sourcecode.swift; path = SelectBallView.swift; sourceTree = "<group>"; };
		D30F4E862AA8E4A300554275 /* CustomizeblesEnum.swift */ = {isa = PBXFileReference; lastKnownFileType = sourcecode.swift; path = CustomizeblesEnum.swift; sourceTree = "<group>"; };
		D32842C92A7E9FA0007FF85B /* MenuView.swift */ = {isa = PBXFileReference; lastKnownFileType = sourcecode.swift; path = MenuView.swift; sourceTree = "<group>"; };
		D32842CB2A7E9FBC007FF85B /* ConfigurationView.swift */ = {isa = PBXFileReference; lastKnownFileType = sourcecode.swift; path = ConfigurationView.swift; sourceTree = "<group>"; };
		D33405392A784626006CA42B /* GameScene+Touches.swift */ = {isa = PBXFileReference; lastKnownFileType = sourcecode.swift; path = "GameScene+Touches.swift"; sourceTree = "<group>"; };
		D334053B2A7846DA006CA42B /* GameScene+Setup.swift */ = {isa = PBXFileReference; lastKnownFileType = sourcecode.swift; path = "GameScene+Setup.swift"; sourceTree = "<group>"; };
		D334053D2A784842006CA42B /* Paddle.swift */ = {isa = PBXFileReference; lastKnownFileType = sourcecode.swift; path = Paddle.swift; sourceTree = "<group>"; };
		D345AE942ABA0B5700AB528A /* OnboardingTests.swift */ = {isa = PBXFileReference; lastKnownFileType = sourcecode.swift; path = OnboardingTests.swift; sourceTree = "<group>"; };
		D35EF5442A8AA7C900BD946E /* OnboardingView.swift */ = {isa = PBXFileReference; lastKnownFileType = sourcecode.swift; path = OnboardingView.swift; sourceTree = "<group>"; };
		D35EF5472A8AA83600BD946E /* FoneView.swift */ = {isa = PBXFileReference; lastKnownFileType = sourcecode.swift; path = FoneView.swift; sourceTree = "<group>"; };
		D35EF5492A8AA86700BD946E /* RaqueteView.swift */ = {isa = PBXFileReference; lastKnownFileType = sourcecode.swift; path = RaqueteView.swift; sourceTree = "<group>"; };
		D35EF54B2A8AA9B000BD946E /* PosicaoView.swift */ = {isa = PBXFileReference; lastKnownFileType = sourcecode.swift; path = PosicaoView.swift; sourceTree = "<group>"; };
		D35EF54D2A8AA9BC00BD946E /* RebaterView.swift */ = {isa = PBXFileReference; lastKnownFileType = sourcecode.swift; path = RebaterView.swift; sourceTree = "<group>"; };
		D35EF54F2A8AAA3000BD946E /* PausarView.swift */ = {isa = PBXFileReference; lastKnownFileType = sourcecode.swift; path = PausarView.swift; sourceTree = "<group>"; };
		D37939352AB230C200D22457 /* Ads.swift */ = {isa = PBXFileReference; lastKnownFileType = sourcecode.swift; path = Ads.swift; sourceTree = "<group>"; };
		D391191C2A958A4200CA3C9E /* explosion.wav */ = {isa = PBXFileReference; lastKnownFileType = audio.wav; path = explosion.wav; sourceTree = "<group>"; };
		D391191E2A958BC000CA3C9E /* pickupCoin.wav */ = {isa = PBXFileReference; lastKnownFileType = audio.wav; path = pickupCoin.wav; sourceTree = "<group>"; };
		D3AC7C572A968B6600AFE1A7 /* AddAccessibilityDirectInteractionTrait.swift */ = {isa = PBXFileReference; lastKnownFileType = sourcecode.swift; path = AddAccessibilityDirectInteractionTrait.swift; sourceTree = "<group>"; };
		D3AEE22E2A96607200ED2382 /* ComingSoonView.swift */ = {isa = PBXFileReference; lastKnownFileType = sourcecode.swift; path = ComingSoonView.swift; sourceTree = "<group>"; };
		D3AEF2EC2A9D3B7600EE10A7 /* ConfigurationViewComponents.swift */ = {isa = PBXFileReference; lastKnownFileType = sourcecode.swift; path = ConfigurationViewComponents.swift; sourceTree = "<group>"; };
		D3AEF2EE2A9D3C2100EE10A7 /* CustomToggleStyles.swift */ = {isa = PBXFileReference; lastKnownFileType = sourcecode.swift; path = CustomToggleStyles.swift; sourceTree = "<group>"; };
		D3BF927A28FEF6CD00EEF09B /* Pong.app */ = {isa = PBXFileReference; explicitFileType = wrapper.application; includeInIndex = 0; path = Pong.app; sourceTree = BUILT_PRODUCTS_DIR; };
		D3BF927D28FEF6CD00EEF09B /* PongApp.swift */ = {isa = PBXFileReference; lastKnownFileType = sourcecode.swift; path = PongApp.swift; sourceTree = "<group>"; };
		D3BF928128FEF6CF00EEF09B /* Assets.xcassets */ = {isa = PBXFileReference; lastKnownFileType = folder.assetcatalog; path = Assets.xcassets; sourceTree = "<group>"; };
		D3BF928428FEF6CF00EEF09B /* Preview Assets.xcassets */ = {isa = PBXFileReference; lastKnownFileType = folder.assetcatalog; path = "Preview Assets.xcassets"; sourceTree = "<group>"; };
		D3C24F172A953BA40083F842 /* WavePong.entitlements */ = {isa = PBXFileReference; lastKnownFileType = text.plist.entitlements; path = WavePong.entitlements; sourceTree = "<group>"; };
		D3C24F182A954A430083F842 /* countDownEnd.wav */ = {isa = PBXFileReference; lastKnownFileType = audio.wav; path = countDownEnd.wav; sourceTree = "<group>"; };
		D3C24F192A954A430083F842 /* countDownBip.wav */ = {isa = PBXFileReference; lastKnownFileType = audio.wav; path = countDownBip.wav; sourceTree = "<group>"; };
		D3D2DD702ABE216A00732116 /* AudioOrientationInfo.swift */ = {isa = PBXFileReference; lastKnownFileType = sourcecode.swift; path = AudioOrientationInfo.swift; sourceTree = "<group>"; };
		D3D2DD722ABE219700732116 /* AudioOrientationStrategy.swift */ = {isa = PBXFileReference; lastKnownFileType = sourcecode.swift; path = AudioOrientationStrategy.swift; sourceTree = "<group>"; };
		D3E10B6B2A86BE5800E30649 /* Border.swift */ = {isa = PBXFileReference; lastKnownFileType = sourcecode.swift; path = Border.swift; sourceTree = "<group>"; };
		D3FF91FA2AB5D39600B12C64 /* AdsTests.swift */ = {isa = PBXFileReference; lastKnownFileType = sourcecode.swift; path = AdsTests.swift; sourceTree = "<group>"; };
/* End PBXFileReference section */

/* Begin PBXFrameworksBuildPhase section */
		0CAA59BB2A9E725300BEA7EA /* Frameworks */ = {
			isa = PBXFrameworksBuildPhase;
			buildActionMask = 2147483647;
			files = (
				0CAA59CA2A9E73DA00BEA7EA /* FirebaseAnalytics in Frameworks */,
			);
			runOnlyForDeploymentPostprocessing = 0;
		};
		D3BF927728FEF6CD00EEF09B /* Frameworks */ = {
			isa = PBXFrameworksBuildPhase;
			buildActionMask = 2147483647;
			files = (
				D37939342AB2277600D22457 /* GoogleMobileAds in Frameworks */,
				0C956B5A2A95420800277D99 /* FirebaseAnalyticsSwift in Frameworks */,
				0C956B5C2A95420800277D99 /* FirebaseAnalyticsWithoutAdIdSupport in Frameworks */,
			);
			runOnlyForDeploymentPostprocessing = 0;
		};
/* End PBXFrameworksBuildPhase section */

/* Begin PBXGroup section */
		0C0EDBFC2A97C5BB0070339E /* ViewModifiers */ = {
			isa = PBXGroup;
			children = (
				D3AC7C572A968B6600AFE1A7 /* AddAccessibilityDirectInteractionTrait.swift */,
			);
			path = ViewModifiers;
			sourceTree = "<group>";
		};
		0C1828322AB4092C00E659BF /* SoundManager */ = {
			isa = PBXGroup;
			children = (
				0CF648562A7846AD00282A52 /* SoundManager.swift */,
				D3D2DD722ABE219700732116 /* AudioOrientationStrategy.swift */,
				D3D2DD702ABE216A00732116 /* AudioOrientationInfo.swift */,
				0C1828332AB4094B00E659BF /* SoundManagerProtocol.swift */,
				0C376C5D2AB4E0DD00BE393E /* AVAudioplayerFactory.swift */,
			);
			path = SoundManager;
			sourceTree = "<group>";
		};
		0C6253162AB8F60C0051D5D5 /* GameSceneView */ = {
			isa = PBXGroup;
			children = (
				0C26DA892A82E53A00844FB2 /* GameSceneView.swift */,
				0C6363EF2A8D0A28002DAB8C /* GameSceneViewModel.swift */,
			);
			path = GameSceneView;
			sourceTree = "<group>";
		};
		0C6B93A92A7EE43500023DC8 /* SKNodes */ = {
			isa = PBXGroup;
			children = (
				0CD122112A744D3000E486B0 /* Ball.swift */,
				0C6363ED2A8BF830002DAB8C /* ScoreLabel.swift */,
				D3E10B6B2A86BE5800E30649 /* Border.swift */,
				D334053D2A784842006CA42B /* Paddle.swift */,
				0C6363EB2A8BEA57002DAB8C /* PauseNode.swift */,
				0C49E0A22A93A01700118E77 /* Cloud.swift */,
			);
			path = SKNodes;
			sourceTree = "<group>";
		};
		0C8648E42A8D676000017F29 /* UI Components */ = {
			isa = PBXGroup;
			children = (
				D3AEF2EC2A9D3B7600EE10A7 /* ConfigurationViewComponents.swift */,
				D3AEF2EE2A9D3C2100EE10A7 /* CustomToggleStyles.swift */,
				0C6363F32A8D268F002DAB8C /* LabelButton.swift */,
				0C6253192ABA1BA60051D5D5 /* SelectDifficultyLabel.swift */,
				0C6363F12A8D266A002DAB8C /* IconButton.swift */,
			);
			path = "UI Components";
			sourceTree = "<group>";
		};
		0C8648E52A8D678E00017F29 /* Views */ = {
			isa = PBXGroup;
			children = (
				0C0EDBFC2A97C5BB0070339E /* ViewModifiers */,
				0C6253162AB8F60C0051D5D5 /* GameSceneView */,
				D32842C92A7E9FA0007FF85B /* MenuView.swift */,
				0CDDC9C22ABA2085008CA575 /* SelectDifficulty */,
				D32842CB2A7E9FBC007FF85B /* ConfigurationView.swift */,
				0DB4EFE62A954C8E002E441A /* GameCenterView.swift */,
				D3AEE22E2A96607200ED2382 /* ComingSoonView.swift */,
				0C8648E42A8D676000017F29 /* UI Components */,
				D35EF5462A8AA7E300BD946E /* Onboarding */,
			);
			path = Views;
			sourceTree = "<group>";
		};
		0C8648E62A8D68D300017F29 /* Manager */ = {
			isa = PBXGroup;
			children = (
				D30104472AB8DBEE00A72F9D /* OnboardingManager.swift */,
				0C1828322AB4092C00E659BF /* SoundManager */,
				0CE00EF12AB409E5008C1E06 /* HapticsManager */,
				0DF0390D2A93E0D60005551B /* NotificationManager.swift */,
				0DB4EFE42A954BF1002E441A /* GameCenterManager.swift */,
				0CC0C16C2AA6613F00E13FE9 /* AnalyticsManager.swift */,
				0D7E1FC92AB238240082D3A1 /* ChipManager.swift */,
			);
			path = Manager;
			sourceTree = "<group>";
		};
		0CAA59BF2A9E725300BEA7EA /* PongTests */ = {
			isa = PBXGroup;
			children = (
				0CDDAA742AA11C2900D6E0B0 /* WavePongTestPlan.xctestplan */,
				0C50F77A2A9EC4FA004CC635 /* MocksModels.swift */,
				0CAA59B82A9E717000BEA7EA /* PlayerTests.swift */,
				0C989CA22AB39936002BEBCB /* SoundManagerTests.swift */,
				0CE00EF82AB47647008C1E06 /* HapticsManagerTests.swift */,
				0C5325342A9EB2DE007B8263 /* GameManagerTests.swift */,
				D3FF91FA2AB5D39600B12C64 /* AdsTests.swift */,
				0C15E0002AA7ABD000E5680B /* GameSceneTests.swift */,
				0CAA59C02A9E725300BEA7EA /* PongTests.swift */,
				D345AE942ABA0B5700AB528A /* OnboardingTests.swift */,
			);
			path = PongTests;
			sourceTree = "<group>";
		};
		0CC0C16E2AA664F100E13FE9 /* GameScene */ = {
			isa = PBXGroup;
			children = (
				0CFA711F2AC20BEE00982585 /* OnboardingSceneView.swift */,
				0C2BBDC62A7440BE0031480F /* GameScene.swift */,
				0C8D17442ABE2CBC00F82985 /* UpdatableSceneNodes.swift */,
				D33405392A784626006CA42B /* GameScene+Touches.swift */,
				D334053B2A7846DA006CA42B /* GameScene+Setup.swift */,
			);
			path = GameScene;
			sourceTree = "<group>";
		};
		0CC0C16F2AA6650800E13FE9 /* GameManager */ = {
			isa = PBXGroup;
			children = (
				D30EF6DB2A79CC5800125DB0 /* GameManager.swift */,
				0C6253142AB8DC090051D5D5 /* GameManagerBuilder.swift */,
				0CC0C1702AA6651A00E13FE9 /* GameManagerSettings.swift */,
			);
			path = GameManager;
			sourceTree = "<group>";
		};
		0CCCE3362A8ADB2F00BCB4E5 /* Game Protocols */ = {
			isa = PBXGroup;
			children = (
				0C5325362A9EB376007B8263 /* GameManagerProtocol.swift */,
				0CCCE3322A8ADB0000BCB4E5 /* GameManagerDelegate.swift */,
				0C6B93AA2A7EE46200023DC8 /* GameSceneDelegate.swift */,
				0CCCE3342A8ADB2500BCB4E5 /* GameColisionDelegate.swift */,
			);
			path = "Game Protocols";
			sourceTree = "<group>";
		};
		0CD122132A744DD400E486B0 /* Game */ = {
			isa = PBXGroup;
			children = (
				0CCCE3362A8ADB2F00BCB4E5 /* Game Protocols */,
				0DF6381F2A78494200CCC34B /* Utils */,
				0CC0C16E2AA664F100E13FE9 /* GameScene */,
				0CC0C16F2AA6650800E13FE9 /* GameManager */,
				0C6B93A92A7EE43500023DC8 /* SKNodes */,
			);
			path = Game;
			sourceTree = "<group>";
		};
		0CDDC9C22ABA2085008CA575 /* SelectDifficulty */ = {
			isa = PBXGroup;
			children = (
				D306E2212AA10E7A004F0D9C /* SelectDifficultyView.swift */,
				0CDDC9C32ABA209E008CA575 /* SelectDifficultyViewModel.swift */,
			);
			path = SelectDifficulty;
			sourceTree = "<group>";
		};
		0CE00EF12AB409E5008C1E06 /* HapticsManager */ = {
			isa = PBXGroup;
			children = (
				0C27260D2A7EF6CC0069C5C9 /* HapticsManager.swift */,
				0CE00EF22AB409FC008C1E06 /* HapticsManagerProtocols.swift */,
				0CE00EF42AB40A57008C1E06 /* FeedBackGeneratebleProtocols.swift */,
				0CE00EF62AB40A88008C1E06 /* ImpactFeedbackGeneratorFactory.swift */,
			);
			path = HapticsManager;
			sourceTree = "<group>";
		};
		0CF6485A2A7847D700282A52 /* Sounds */ = {
			isa = PBXGroup;
			children = (
				0C1CD0612AC75CDA00F02177 /* NewGameTheme.mp3 */,
				0CF648582A7847CF00282A52 /* WavePong_soundtrack.mp3 */,
				0CF6486F2A79A40500282A52 /* FXSoundsEnuns.swift */,
				0CF6486B2A7944B000282A52 /* FX */,
			);
			path = Sounds;
			sourceTree = "<group>";
		};
		0CF6486B2A7944B000282A52 /* FX */ = {
			isa = PBXGroup;
			children = (
				D391191C2A958A4200CA3C9E /* explosion.wav */,
				D3C24F192A954A430083F842 /* countDownBip.wav */,
				D3C24F182A954A430083F842 /* countDownEnd.wav */,
				0CF6487F2A7D23AA00282A52 /* bonus.mp3 */,
				0CF648822A7D23AB00282A52 /* horse.mp3 */,
				0CF648812A7D23AB00282A52 /* shooting.mp3 */,
				0CF648852A7D23AB00282A52 /* slimejump.mp3 */,
				0CF648802A7D23AA00282A52 /* success.mp3 */,
				0CF648832A7D23AB00282A52 /* transition.mp3 */,
				0CF648842A7D23AB00282A52 /* winter.mp3 */,
				0CF6485D2A7944AA00282A52 /* alert.mp3 */,
				0CF6485E2A7944AA00282A52 /* bounce.mp3 */,
				0CF648622A7944AA00282A52 /* cuteClick.mp3 */,
				0CF648612A7944AA00282A52 /* failed.mp3 */,
				0CF6485F2A7944AA00282A52 /* hehe.mp3 */,
				0CF648602A7944AA00282A52 /* mouse.mp3 */,
				D391191E2A958BC000CA3C9E /* pickupCoin.wav */,
				0CF6485B2A7944AA00282A52 /* surprise.mp3 */,
				0CF6485C2A7944AA00282A52 /* winzinho.mp3 */,
			);
			path = FX;
			sourceTree = "<group>";
		};
		0D6680F82AA8F28D0043C58B /* Constants */ = {
			isa = PBXGroup;
			children = (
				0D6680FB2AA8F3BE0043C58B /* ImageConstants.swift */,
				0C49E0A02A93015D00118E77 /* ColorConstants.swift */,
				864FCABC2908663900CA0664 /* Fonts */,
			);
			path = Constants;
			sourceTree = "<group>";
		};
		0DF0390A2A93E0670005551B /* Delegate */ = {
			isa = PBXGroup;
			children = (
				0DF0390B2A93E07C0005551B /* AppDelegate.swift */,
			);
			path = Delegate;
			sourceTree = "<group>";
		};
		0DF0390F2A93E1120005551B /* Utils */ = {
			isa = PBXGroup;
			children = (
				0C376C5B2AB4E0B400BE393E /* AVAudioPlayer.swift */,
				0DF039102A93E11E0005551B /* NotificationType.swift */,
				D37939352AB230C200D22457 /* Ads.swift */,
				0C98A6552A9E8F67001CFF2B /* UserDefaulteble.swift */,
				D30F4E812AA7A6C200554275 /* StringsConstantsModel.swift */,
				D30F4E842AA8E47E00554275 /* SelectBallView.swift */,
				D30F4E862AA8E4A300554275 /* CustomizeblesEnum.swift */,
				D30F4E7F2AA7A55600554275 /* Localizable.strings */,
			);
			path = Utils;
			sourceTree = "<group>";
		};
		0DF6381F2A78494200CCC34B /* Utils */ = {
			isa = PBXGroup;
			children = (
				D306E2272AA11C96004F0D9C /* NavigationHelper.swift */,
				0C26DA8B2A83303200844FB2 /* Player.swift */,
				0DF638202A78496100CCC34B /* PhysicsDetection.swift */,
			);
			path = Utils;
			sourceTree = "<group>";
		};
		864FCABC2908663900CA0664 /* Fonts */ = {
			isa = PBXGroup;
			children = (
				864FCABA2908661E00CA0664 /* DaysOne-Regular.ttf */,
				BCD63B95291149ED006C8DE8 /* strasua.ttf */,
				0CCCE3302A8AA60F00BCB4E5 /* Fonts Extension.swift */,
			);
			path = Fonts;
			sourceTree = "<group>";
		};
		D35EF5462A8AA7E300BD946E /* Onboarding */ = {
			isa = PBXGroup;
			children = (
				D35EF5442A8AA7C900BD946E /* OnboardingView.swift */,
				D35EF5472A8AA83600BD946E /* FoneView.swift */,
				D35EF5492A8AA86700BD946E /* RaqueteView.swift */,
				D35EF54B2A8AA9B000BD946E /* PosicaoView.swift */,
				D35EF54D2A8AA9BC00BD946E /* RebaterView.swift */,
				D35EF54F2A8AAA3000BD946E /* PausarView.swift */,
			);
			path = Onboarding;
			sourceTree = "<group>";
		};
		D3BF927128FEF6CD00EEF09B = {
			isa = PBXGroup;
			children = (
				D3BF927C28FEF6CD00EEF09B /* WavePong */,
				0CAA59BF2A9E725300BEA7EA /* PongTests */,
				D3BF927B28FEF6CD00EEF09B /* Products */,
			);
			sourceTree = "<group>";
		};
		D3BF927B28FEF6CD00EEF09B /* Products */ = {
			isa = PBXGroup;
			children = (
				D3BF927A28FEF6CD00EEF09B /* Pong.app */,
				0CAA59BE2A9E725300BEA7EA /* PongTests.xctest */,
			);
			name = Products;
			sourceTree = "<group>";
		};
		D3BF927C28FEF6CD00EEF09B /* WavePong */ = {
			isa = PBXGroup;
			children = (
				0D6680F82AA8F28D0043C58B /* Constants */,
				D3C24F172A953BA40083F842 /* WavePong.entitlements */,
				0DF0390F2A93E1120005551B /* Utils */,
				D3BF928128FEF6CF00EEF09B /* Assets.xcassets */,
				0DF0390A2A93E0670005551B /* Delegate */,
				864FCABD2908665A00CA0664 /* Info.plist */,
				0C956B562A953D2400277D99 /* GoogleService-Info.plist */,
				D3BF927D28FEF6CD00EEF09B /* PongApp.swift */,
				0C8648E62A8D68D300017F29 /* Manager */,
				0C8648E52A8D678E00017F29 /* Views */,
				0CF6485A2A7847D700282A52 /* Sounds */,
				0CD122132A744DD400E486B0 /* Game */,
				D3BF928328FEF6CF00EEF09B /* Preview Content */,
			);
			path = WavePong;
			sourceTree = "<group>";
		};
		D3BF928328FEF6CF00EEF09B /* Preview Content */ = {
			isa = PBXGroup;
			children = (
				D3BF928428FEF6CF00EEF09B /* Preview Assets.xcassets */,
			);
			path = "Preview Content";
			sourceTree = "<group>";
		};
/* End PBXGroup section */

/* Begin PBXNativeTarget section */
		0CAA59BD2A9E725300BEA7EA /* PongTests */ = {
			isa = PBXNativeTarget;
			buildConfigurationList = 0CAA59C42A9E725300BEA7EA /* Build configuration list for PBXNativeTarget "PongTests" */;
			buildPhases = (
				0CAA59BA2A9E725300BEA7EA /* Sources */,
				0CAA59BB2A9E725300BEA7EA /* Frameworks */,
				0CAA59BC2A9E725300BEA7EA /* Resources */,
			);
			buildRules = (
			);
			dependencies = (
				0CAA59C32A9E725300BEA7EA /* PBXTargetDependency */,
			);
			name = PongTests;
			packageProductDependencies = (
				0CAA59C92A9E73DA00BEA7EA /* FirebaseAnalytics */,
			);
			productName = PongTests;
			productReference = 0CAA59BE2A9E725300BEA7EA /* PongTests.xctest */;
			productType = "com.apple.product-type.bundle.unit-test";
		};
		D3BF927928FEF6CD00EEF09B /* WavePong */ = {
			isa = PBXNativeTarget;
			buildConfigurationList = D3BF928828FEF6CF00EEF09B /* Build configuration list for PBXNativeTarget "WavePong" */;
			buildPhases = (
				D3BF927628FEF6CD00EEF09B /* Sources */,
				D3BF927728FEF6CD00EEF09B /* Frameworks */,
				D3BF927828FEF6CD00EEF09B /* Resources */,
			);
			buildRules = (
			);
			dependencies = (
			);
			name = WavePong;
			packageProductDependencies = (
				0C956B592A95420800277D99 /* FirebaseAnalyticsSwift */,
				0C956B5B2A95420800277D99 /* FirebaseAnalyticsWithoutAdIdSupport */,
				D37939332AB2277600D22457 /* GoogleMobileAds */,
			);
			productName = DvdScreensaver;
			productReference = D3BF927A28FEF6CD00EEF09B /* Pong.app */;
			productType = "com.apple.product-type.application";
		};
/* End PBXNativeTarget section */

/* Begin PBXProject section */
		D3BF927228FEF6CD00EEF09B /* Project object */ = {
			isa = PBXProject;
			attributes = {
				BuildIndependentTargetsInParallel = 1;
				LastSwiftUpdateCheck = 1430;
				LastUpgradeCheck = 1500;
				TargetAttributes = {
					0CAA59BD2A9E725300BEA7EA = {
						CreatedOnToolsVersion = 14.3.1;
						TestTargetID = D3BF927928FEF6CD00EEF09B;
					};
					D3BF927928FEF6CD00EEF09B = {
						CreatedOnToolsVersion = 13.4.1;
					};
				};
			};
			buildConfigurationList = D3BF927528FEF6CD00EEF09B /* Build configuration list for PBXProject "Pong" */;
			compatibilityVersion = "Xcode 13.0";
			developmentRegion = "pt-BR";
			hasScannedForEncodings = 0;
			knownRegions = (
				Base,
				"pt-BR",
				en,
			);
			mainGroup = D3BF927128FEF6CD00EEF09B;
			packageReferences = (
				0C956B582A95420800277D99 /* XCRemoteSwiftPackageReference "firebase-ios-sdk" */,
				D37939322AB2277600D22457 /* XCRemoteSwiftPackageReference "swift-package-manager-google-mobile-ads" */,
			);
			productRefGroup = D3BF927B28FEF6CD00EEF09B /* Products */;
			projectDirPath = "";
			projectRoot = "";
			targets = (
				D3BF927928FEF6CD00EEF09B /* WavePong */,
				0CAA59BD2A9E725300BEA7EA /* PongTests */,
			);
		};
/* End PBXProject section */

/* Begin PBXResourcesBuildPhase section */
		0CAA59BC2A9E725300BEA7EA /* Resources */ = {
			isa = PBXResourcesBuildPhase;
			buildActionMask = 2147483647;
			files = (
			);
			runOnlyForDeploymentPostprocessing = 0;
		};
		D3BF927828FEF6CD00EEF09B /* Resources */ = {
			isa = PBXResourcesBuildPhase;
			buildActionMask = 2147483647;
			files = (
				BCD63B9629114B0A006C8DE8 /* strasua.ttf in Resources */,
				0CF6488C2A7D23AB00282A52 /* slimejump.mp3 in Resources */,
				0CF6488B2A7D23AB00282A52 /* winter.mp3 in Resources */,
				0CF648592A7847CF00282A52 /* WavePong_soundtrack.mp3 in Resources */,
				D3BF928528FEF6CF00EEF09B /* Preview Assets.xcassets in Resources */,
				0CF6488A2A7D23AB00282A52 /* transition.mp3 in Resources */,
				0CF648682A7944AA00282A52 /* mouse.mp3 in Resources */,
				0CF648642A7944AA00282A52 /* winzinho.mp3 in Resources */,
				D3C24F1A2A954A430083F842 /* countDownEnd.wav in Resources */,
				D30F4E7D2AA7A55600554275 /* Localizable.strings in Resources */,
				0CF648882A7D23AB00282A52 /* shooting.mp3 in Resources */,
				0CF648692A7944AA00282A52 /* failed.mp3 in Resources */,
				D391191D2A958A4200CA3C9E /* explosion.wav in Resources */,
				0CF648862A7D23AB00282A52 /* bonus.mp3 in Resources */,
				0CF648872A7D23AB00282A52 /* success.mp3 in Resources */,
				864FCABB2908661E00CA0664 /* DaysOne-Regular.ttf in Resources */,
				D391191F2A958BC000CA3C9E /* pickupCoin.wav in Resources */,
				0CF6486A2A7944AA00282A52 /* cuteClick.mp3 in Resources */,
				D3BF928228FEF6CF00EEF09B /* Assets.xcassets in Resources */,
				0CF648672A7944AA00282A52 /* hehe.mp3 in Resources */,
				0CF648662A7944AA00282A52 /* bounce.mp3 in Resources */,
				0C1CD0622AC75CDA00F02177 /* NewGameTheme.mp3 in Resources */,
				0CF648632A7944AA00282A52 /* surprise.mp3 in Resources */,
				D3C24F1B2A954A430083F842 /* countDownBip.wav in Resources */,
				0CF648652A7944AA00282A52 /* alert.mp3 in Resources */,
				0CF648892A7D23AB00282A52 /* horse.mp3 in Resources */,
				0C956B572A953D2400277D99 /* GoogleService-Info.plist in Resources */,
			);
			runOnlyForDeploymentPostprocessing = 0;
		};
/* End PBXResourcesBuildPhase section */

/* Begin PBXSourcesBuildPhase section */
		0CAA59BA2A9E725300BEA7EA /* Sources */ = {
			isa = PBXSourcesBuildPhase;
			buildActionMask = 2147483647;
			files = (
				0CAA59C72A9E726300BEA7EA /* PlayerTests.swift in Sources */,
				0C5325352A9EB2DE007B8263 /* GameManagerTests.swift in Sources */,
				0CE00EF92AB47647008C1E06 /* HapticsManagerTests.swift in Sources */,
				0C3167202AA924D0006C596C /* MocksModels.swift in Sources */,
				0C989CA32AB39936002BEBCB /* SoundManagerTests.swift in Sources */,
				0C15E0012AA7ABD000E5680B /* GameSceneTests.swift in Sources */,
				D345AE952ABA0B5700AB528A /* OnboardingTests.swift in Sources */,
				0CAA59C12A9E725300BEA7EA /* PongTests.swift in Sources */,
				D3FF91FB2AB5D39600B12C64 /* AdsTests.swift in Sources */,
			);
			runOnlyForDeploymentPostprocessing = 0;
		};
		D3BF927628FEF6CD00EEF09B /* Sources */ = {
			isa = PBXSourcesBuildPhase;
			buildActionMask = 2147483647;
			files = (
				0CFA71202AC20BEE00982585 /* OnboardingSceneView.swift in Sources */,
				D30F4E822AA7A6C200554275 /* StringsConstantsModel.swift in Sources */,
				D3AEE22F2A96607200ED2382 /* ComingSoonView.swift in Sources */,
				0CE00EF52AB40A57008C1E06 /* FeedBackGeneratebleProtocols.swift in Sources */,
				D35EF54A2A8AA86700BD946E /* RaqueteView.swift in Sources */,
				0DF638212A78496100CCC34B /* PhysicsDetection.swift in Sources */,
				0C376C5C2AB4E0B400BE393E /* AVAudioPlayer.swift in Sources */,
				D35EF5482A8AA83600BD946E /* FoneView.swift in Sources */,
				0C62531A2ABA1BA60051D5D5 /* SelectDifficultyLabel.swift in Sources */,
				D32842CC2A7E9FBC007FF85B /* ConfigurationView.swift in Sources */,
				0C8D17452ABE2CBC00F82985 /* UpdatableSceneNodes.swift in Sources */,
				D30104482AB8DBEE00A72F9D /* OnboardingManager.swift in Sources */,
				D35EF5502A8AAA3000BD946E /* PausarView.swift in Sources */,
				D30F4E872AA8E4A300554275 /* CustomizeblesEnum.swift in Sources */,
				D35EF54E2A8AA9BC00BD946E /* RebaterView.swift in Sources */,
				D3AEF2ED2A9D3B7600EE10A7 /* ConfigurationViewComponents.swift in Sources */,
				0CC0C16D2AA6613F00E13FE9 /* AnalyticsManager.swift in Sources */,
				D334053A2A784626006CA42B /* GameScene+Touches.swift in Sources */,
				0C6363F22A8D266A002DAB8C /* IconButton.swift in Sources */,
				0CCCE3312A8AA60F00BCB4E5 /* Fonts Extension.swift in Sources */,
				D306E2222AA10E7A004F0D9C /* SelectDifficultyView.swift in Sources */,
				0C26DA8A2A82E53A00844FB2 /* GameSceneView.swift in Sources */,
				D30EF6DC2A79CC5800125DB0 /* GameManager.swift in Sources */,
				0C6253152AB8DC090051D5D5 /* GameManagerBuilder.swift in Sources */,
				0C6B93AB2A7EE46200023DC8 /* GameSceneDelegate.swift in Sources */,
				0C98A6562A9E8F67001CFF2B /* UserDefaulteble.swift in Sources */,
				0C6363F02A8D0A28002DAB8C /* GameSceneViewModel.swift in Sources */,
				0CD122122A744D3000E486B0 /* Ball.swift in Sources */,
				0DB4EFE52A954BF1002E441A /* GameCenterManager.swift in Sources */,
				0C1828342AB4094B00E659BF /* SoundManagerProtocol.swift in Sources */,
				0C6363EE2A8BF830002DAB8C /* ScoreLabel.swift in Sources */,
				0D6680FC2AA8F3BE0043C58B /* ImageConstants.swift in Sources */,
				0C49E0A12A93015D00118E77 /* ColorConstants.swift in Sources */,
				0C6363EC2A8BEA57002DAB8C /* PauseNode.swift in Sources */,
				0CC0C1712AA6651A00E13FE9 /* GameManagerSettings.swift in Sources */,
				0CE00EF72AB40A88008C1E06 /* ImpactFeedbackGeneratorFactory.swift in Sources */,
				0C376C5E2AB4E0DD00BE393E /* AVAudioplayerFactory.swift in Sources */,
				0CE00EF32AB409FC008C1E06 /* HapticsManagerProtocols.swift in Sources */,
				0C27260E2A7EF6CC0069C5C9 /* HapticsManager.swift in Sources */,
				0DF0390C2A93E07C0005551B /* AppDelegate.swift in Sources */,
				0C2BBDC72A7440BE0031480F /* GameScene.swift in Sources */,
				D3E10B6C2A86BE5800E30649 /* Border.swift in Sources */,
				D334053C2A7846DA006CA42B /* GameScene+Setup.swift in Sources */,
				D3D2DD712ABE216A00732116 /* AudioOrientationInfo.swift in Sources */,
				D306E2282AA11C96004F0D9C /* NavigationHelper.swift in Sources */,
				D3BF927E28FEF6CD00EEF09B /* PongApp.swift in Sources */,
				D32842CA2A7E9FA0007FF85B /* MenuView.swift in Sources */,
				0CDDC9C42ABA209E008CA575 /* SelectDifficultyViewModel.swift in Sources */,
				0DB4EFE72A954C8E002E441A /* GameCenterView.swift in Sources */,
				D35EF54C2A8AA9B000BD946E /* PosicaoView.swift in Sources */,
				D3AC7C582A968B6600AFE1A7 /* AddAccessibilityDirectInteractionTrait.swift in Sources */,
				D3D2DD732ABE219700732116 /* AudioOrientationStrategy.swift in Sources */,
				D35EF5452A8AA7C900BD946E /* OnboardingView.swift in Sources */,
				D334053E2A784842006CA42B /* Paddle.swift in Sources */,
				0DF039112A93E11E0005551B /* NotificationType.swift in Sources */,
				0C49E0A32A93A01700118E77 /* Cloud.swift in Sources */,
				0C6363F42A8D268F002DAB8C /* LabelButton.swift in Sources */,
				0DF0390E2A93E0D60005551B /* NotificationManager.swift in Sources */,
				0CF648702A79A40500282A52 /* FXSoundsEnuns.swift in Sources */,
				0CCCE3332A8ADB0000BCB4E5 /* GameManagerDelegate.swift in Sources */,
				D37939362AB230C200D22457 /* Ads.swift in Sources */,
				0C5325372A9EB376007B8263 /* GameManagerProtocol.swift in Sources */,
				D3AEF2EF2A9D3C2100EE10A7 /* CustomToggleStyles.swift in Sources */,
				0C26DA8C2A83303200844FB2 /* Player.swift in Sources */,
				D30F4E852AA8E47E00554275 /* SelectBallView.swift in Sources */,
				0CCCE3352A8ADB2500BCB4E5 /* GameColisionDelegate.swift in Sources */,
				0D7E1FCA2AB238240082D3A1 /* ChipManager.swift in Sources */,
				0CF648572A7846AD00282A52 /* SoundManager.swift in Sources */,
			);
			runOnlyForDeploymentPostprocessing = 0;
		};
/* End PBXSourcesBuildPhase section */

/* Begin PBXTargetDependency section */
		0CAA59C32A9E725300BEA7EA /* PBXTargetDependency */ = {
			isa = PBXTargetDependency;
			target = D3BF927928FEF6CD00EEF09B /* WavePong */;
			targetProxy = 0CAA59C22A9E725300BEA7EA /* PBXContainerItemProxy */;
		};
/* End PBXTargetDependency section */

/* Begin PBXVariantGroup section */
		D30F4E7F2AA7A55600554275 /* Localizable.strings */ = {
			isa = PBXVariantGroup;
			children = (
				D30F4E7E2AA7A55600554275 /* pt-BR */,
				D30F4E802AA7A55A00554275 /* en */,
			);
			name = Localizable.strings;
			sourceTree = "<group>";
		};
/* End PBXVariantGroup section */

/* Begin XCBuildConfiguration section */
		0CAA59C52A9E725300BEA7EA /* Debug */ = {
			isa = XCBuildConfiguration;
			buildSettings = {
				BUNDLE_LOADER = "$(TEST_HOST)";
				CLANG_CXX_LANGUAGE_STANDARD = "gnu++20";
				CODE_SIGN_STYLE = Automatic;
				CURRENT_PROJECT_VERSION = 1;
				DEVELOPMENT_TEAM = 749Q737TF5;
				GENERATE_INFOPLIST_FILE = YES;
				IPHONEOS_DEPLOYMENT_TARGET = 16.4;
				MARKETING_VERSION = 1.0;
				PRODUCT_BUNDLE_IDENTIFIER = br.ufpe.cin.academy.lmb4.PongTests;
				PRODUCT_NAME = "$(TARGET_NAME)";
				SWIFT_EMIT_LOC_STRINGS = NO;
				SWIFT_VERSION = 5.0;
				TARGETED_DEVICE_FAMILY = "1,2";
				TEST_HOST = "$(BUILT_PRODUCTS_DIR)/Pong.app/$(BUNDLE_EXECUTABLE_FOLDER_PATH)/Pong";
			};
			name = Debug;
		};
		0CAA59C62A9E725300BEA7EA /* Release */ = {
			isa = XCBuildConfiguration;
			buildSettings = {
				BUNDLE_LOADER = "$(TEST_HOST)";
				CLANG_CXX_LANGUAGE_STANDARD = "gnu++20";
				CODE_SIGN_STYLE = Automatic;
				CURRENT_PROJECT_VERSION = 1;
				DEVELOPMENT_TEAM = 749Q737TF5;
				GENERATE_INFOPLIST_FILE = YES;
				IPHONEOS_DEPLOYMENT_TARGET = 16.4;
				MARKETING_VERSION = 1.0;
				PRODUCT_BUNDLE_IDENTIFIER = br.ufpe.cin.academy.lmb4.PongTests;
				PRODUCT_NAME = "$(TARGET_NAME)";
				SWIFT_EMIT_LOC_STRINGS = NO;
				SWIFT_VERSION = 5.0;
				TARGETED_DEVICE_FAMILY = "1,2";
				TEST_HOST = "$(BUILT_PRODUCTS_DIR)/Pong.app/$(BUNDLE_EXECUTABLE_FOLDER_PATH)/Pong";
			};
			name = Release;
		};
		D3BF928628FEF6CF00EEF09B /* Debug */ = {
			isa = XCBuildConfiguration;
			buildSettings = {
				ALWAYS_SEARCH_USER_PATHS = NO;
				CLANG_ANALYZER_NONNULL = YES;
				CLANG_ANALYZER_NUMBER_OBJECT_CONVERSION = YES_AGGRESSIVE;
				CLANG_CXX_LANGUAGE_STANDARD = "gnu++17";
				CLANG_ENABLE_MODULES = YES;
				CLANG_ENABLE_OBJC_ARC = YES;
				CLANG_ENABLE_OBJC_WEAK = YES;
				CLANG_WARN_BLOCK_CAPTURE_AUTORELEASING = YES;
				CLANG_WARN_BOOL_CONVERSION = YES;
				CLANG_WARN_COMMA = YES;
				CLANG_WARN_CONSTANT_CONVERSION = YES;
				CLANG_WARN_DEPRECATED_OBJC_IMPLEMENTATIONS = YES;
				CLANG_WARN_DIRECT_OBJC_ISA_USAGE = YES_ERROR;
				CLANG_WARN_DOCUMENTATION_COMMENTS = YES;
				CLANG_WARN_EMPTY_BODY = YES;
				CLANG_WARN_ENUM_CONVERSION = YES;
				CLANG_WARN_INFINITE_RECURSION = YES;
				CLANG_WARN_INT_CONVERSION = YES;
				CLANG_WARN_NON_LITERAL_NULL_CONVERSION = YES;
				CLANG_WARN_OBJC_IMPLICIT_RETAIN_SELF = YES;
				CLANG_WARN_OBJC_LITERAL_CONVERSION = YES;
				CLANG_WARN_OBJC_ROOT_CLASS = YES_ERROR;
				CLANG_WARN_QUOTED_INCLUDE_IN_FRAMEWORK_HEADER = YES;
				CLANG_WARN_RANGE_LOOP_ANALYSIS = YES;
				CLANG_WARN_STRICT_PROTOTYPES = YES;
				CLANG_WARN_SUSPICIOUS_MOVE = YES;
				CLANG_WARN_UNGUARDED_AVAILABILITY = YES_AGGRESSIVE;
				CLANG_WARN_UNREACHABLE_CODE = YES;
				CLANG_WARN__DUPLICATE_METHOD_MATCH = YES;
				COPY_PHASE_STRIP = NO;
				DEBUG_INFORMATION_FORMAT = dwarf;
				ENABLE_STRICT_OBJC_MSGSEND = YES;
				ENABLE_TESTABILITY = YES;
				GCC_C_LANGUAGE_STANDARD = gnu11;
				GCC_DYNAMIC_NO_PIC = NO;
				GCC_NO_COMMON_BLOCKS = YES;
				GCC_OPTIMIZATION_LEVEL = 0;
				GCC_PREPROCESSOR_DEFINITIONS = (
					"DEBUG=1",
					"$(inherited)",
				);
				GCC_WARN_64_TO_32_BIT_CONVERSION = YES;
				GCC_WARN_ABOUT_RETURN_TYPE = YES_ERROR;
				GCC_WARN_UNDECLARED_SELECTOR = YES;
				GCC_WARN_UNINITIALIZED_AUTOS = YES_AGGRESSIVE;
				GCC_WARN_UNUSED_FUNCTION = YES;
				GCC_WARN_UNUSED_VARIABLE = YES;
				IPHONEOS_DEPLOYMENT_TARGET = 15.5;
				MTL_ENABLE_DEBUG_INFO = INCLUDE_SOURCE;
				MTL_FAST_MATH = YES;
				ONLY_ACTIVE_ARCH = YES;
				SDKROOT = iphoneos;
				SWIFT_ACTIVE_COMPILATION_CONDITIONS = DEBUG;
				SWIFT_OPTIMIZATION_LEVEL = "-Onone";
			};
			name = Debug;
		};
		D3BF928728FEF6CF00EEF09B /* Release */ = {
			isa = XCBuildConfiguration;
			buildSettings = {
				ALWAYS_SEARCH_USER_PATHS = NO;
				CLANG_ANALYZER_NONNULL = YES;
				CLANG_ANALYZER_NUMBER_OBJECT_CONVERSION = YES_AGGRESSIVE;
				CLANG_CXX_LANGUAGE_STANDARD = "gnu++17";
				CLANG_ENABLE_MODULES = YES;
				CLANG_ENABLE_OBJC_ARC = YES;
				CLANG_ENABLE_OBJC_WEAK = YES;
				CLANG_WARN_BLOCK_CAPTURE_AUTORELEASING = YES;
				CLANG_WARN_BOOL_CONVERSION = YES;
				CLANG_WARN_COMMA = YES;
				CLANG_WARN_CONSTANT_CONVERSION = YES;
				CLANG_WARN_DEPRECATED_OBJC_IMPLEMENTATIONS = YES;
				CLANG_WARN_DIRECT_OBJC_ISA_USAGE = YES_ERROR;
				CLANG_WARN_DOCUMENTATION_COMMENTS = YES;
				CLANG_WARN_EMPTY_BODY = YES;
				CLANG_WARN_ENUM_CONVERSION = YES;
				CLANG_WARN_INFINITE_RECURSION = YES;
				CLANG_WARN_INT_CONVERSION = YES;
				CLANG_WARN_NON_LITERAL_NULL_CONVERSION = YES;
				CLANG_WARN_OBJC_IMPLICIT_RETAIN_SELF = YES;
				CLANG_WARN_OBJC_LITERAL_CONVERSION = YES;
				CLANG_WARN_OBJC_ROOT_CLASS = YES_ERROR;
				CLANG_WARN_QUOTED_INCLUDE_IN_FRAMEWORK_HEADER = YES;
				CLANG_WARN_RANGE_LOOP_ANALYSIS = YES;
				CLANG_WARN_STRICT_PROTOTYPES = YES;
				CLANG_WARN_SUSPICIOUS_MOVE = YES;
				CLANG_WARN_UNGUARDED_AVAILABILITY = YES_AGGRESSIVE;
				CLANG_WARN_UNREACHABLE_CODE = YES;
				CLANG_WARN__DUPLICATE_METHOD_MATCH = YES;
				COPY_PHASE_STRIP = NO;
				DEBUG_INFORMATION_FORMAT = "dwarf-with-dsym";
				ENABLE_NS_ASSERTIONS = NO;
				ENABLE_STRICT_OBJC_MSGSEND = YES;
				GCC_C_LANGUAGE_STANDARD = gnu11;
				GCC_NO_COMMON_BLOCKS = YES;
				GCC_WARN_64_TO_32_BIT_CONVERSION = YES;
				GCC_WARN_ABOUT_RETURN_TYPE = YES_ERROR;
				GCC_WARN_UNDECLARED_SELECTOR = YES;
				GCC_WARN_UNINITIALIZED_AUTOS = YES_AGGRESSIVE;
				GCC_WARN_UNUSED_FUNCTION = YES;
				GCC_WARN_UNUSED_VARIABLE = YES;
				IPHONEOS_DEPLOYMENT_TARGET = 15.5;
				MTL_ENABLE_DEBUG_INFO = NO;
				MTL_FAST_MATH = YES;
				SDKROOT = iphoneos;
				SWIFT_COMPILATION_MODE = wholemodule;
				SWIFT_OPTIMIZATION_LEVEL = "-O";
				VALIDATE_PRODUCT = YES;
			};
			name = Release;
		};
		D3BF928928FEF6CF00EEF09B /* Debug */ = {
			isa = XCBuildConfiguration;
			buildSettings = {
				ASSETCATALOG_COMPILER_APPICON_NAME = AppIcon;
				ASSETCATALOG_COMPILER_GLOBAL_ACCENT_COLOR_NAME = AccentColor;
				CODE_SIGN_ENTITLEMENTS = WavePong/WavePong.entitlements;
				CODE_SIGN_STYLE = Automatic;
				CURRENT_PROJECT_VERSION = 1;
				DEVELOPMENT_ASSET_PATHS = "\"WavePong/Preview Content\"";
				DEVELOPMENT_TEAM = B6XWN7H84M;
				ENABLE_PREVIEWS = YES;
				GENERATE_INFOPLIST_FILE = YES;
				INFOPLIST_FILE = WavePong/Info.plist;
				INFOPLIST_KEY_CFBundleDisplayName = "Wave Pong";
				INFOPLIST_KEY_LSApplicationCategoryType = "public.app-category.games";
				INFOPLIST_KEY_UIApplicationSceneManifest_Generation = YES;
				INFOPLIST_KEY_UIApplicationSupportsIndirectInputEvents = YES;
				INFOPLIST_KEY_UILaunchScreen_Generation = YES;
				INFOPLIST_KEY_UIStatusBarStyle = UIStatusBarStyleDarkContent;
				INFOPLIST_KEY_UISupportedInterfaceOrientations = UIInterfaceOrientationPortrait;
				INFOPLIST_KEY_UISupportedInterfaceOrientations_iPad = "UIInterfaceOrientationLandscapeLeft UIInterfaceOrientationLandscapeRight UIInterfaceOrientationPortrait UIInterfaceOrientationPortraitUpsideDown";
				IPHONEOS_DEPLOYMENT_TARGET = 15.5;
				LD_RUNPATH_SEARCH_PATHS = (
					"$(inherited)",
					"@executable_path/Frameworks",
				);
				MARKETING_VERSION = 2.0.3;
				PRODUCT_BUNDLE_IDENTIFIER = "br.ufpe.cin.academy-rsbj.WavePong";
				PRODUCT_NAME = Pong;
				SUPPORTED_PLATFORMS = "iphoneos iphonesimulator";
				SUPPORTS_MACCATALYST = NO;
				SUPPORTS_MAC_DESIGNED_FOR_IPHONE_IPAD = NO;
				SWIFT_EMIT_LOC_STRINGS = YES;
				SWIFT_VERSION = 5.0;
				TARGETED_DEVICE_FAMILY = "1,2";
			};
			name = Debug;
		};
		D3BF928A28FEF6CF00EEF09B /* Release */ = {
			isa = XCBuildConfiguration;
			buildSettings = {
				ASSETCATALOG_COMPILER_APPICON_NAME = AppIcon;
				ASSETCATALOG_COMPILER_GLOBAL_ACCENT_COLOR_NAME = AccentColor;
				CODE_SIGN_ENTITLEMENTS = WavePong/WavePong.entitlements;
				CODE_SIGN_STYLE = Automatic;
				CURRENT_PROJECT_VERSION = 1;
				DEVELOPMENT_ASSET_PATHS = "\"WavePong/Preview Content\"";
				DEVELOPMENT_TEAM = B6XWN7H84M;
				ENABLE_PREVIEWS = YES;
				GENERATE_INFOPLIST_FILE = YES;
				INFOPLIST_FILE = WavePong/Info.plist;
				INFOPLIST_KEY_CFBundleDisplayName = "Wave Pong";
				INFOPLIST_KEY_LSApplicationCategoryType = "public.app-category.games";
				INFOPLIST_KEY_UIApplicationSceneManifest_Generation = YES;
				INFOPLIST_KEY_UIApplicationSupportsIndirectInputEvents = YES;
				INFOPLIST_KEY_UILaunchScreen_Generation = YES;
				INFOPLIST_KEY_UIStatusBarStyle = UIStatusBarStyleDarkContent;
				INFOPLIST_KEY_UISupportedInterfaceOrientations = UIInterfaceOrientationPortrait;
				INFOPLIST_KEY_UISupportedInterfaceOrientations_iPad = "UIInterfaceOrientationLandscapeLeft UIInterfaceOrientationLandscapeRight UIInterfaceOrientationPortrait UIInterfaceOrientationPortraitUpsideDown";
				IPHONEOS_DEPLOYMENT_TARGET = 15.5;
				LD_RUNPATH_SEARCH_PATHS = (
					"$(inherited)",
					"@executable_path/Frameworks",
				);
				MARKETING_VERSION = 2.0.3;
				PRODUCT_BUNDLE_IDENTIFIER = "br.ufpe.cin.academy-rsbj.WavePong";
				PRODUCT_NAME = Pong;
				SUPPORTED_PLATFORMS = "iphoneos iphonesimulator";
				SUPPORTS_MACCATALYST = NO;
				SUPPORTS_MAC_DESIGNED_FOR_IPHONE_IPAD = NO;
				SWIFT_EMIT_LOC_STRINGS = YES;
				SWIFT_VERSION = 5.0;
				TARGETED_DEVICE_FAMILY = "1,2";
			};
			name = Release;
		};
/* End XCBuildConfiguration section */

/* Begin XCConfigurationList section */
		0CAA59C42A9E725300BEA7EA /* Build configuration list for PBXNativeTarget "PongTests" */ = {
			isa = XCConfigurationList;
			buildConfigurations = (
				0CAA59C52A9E725300BEA7EA /* Debug */,
				0CAA59C62A9E725300BEA7EA /* Release */,
			);
			defaultConfigurationIsVisible = 0;
			defaultConfigurationName = Release;
		};
		D3BF927528FEF6CD00EEF09B /* Build configuration list for PBXProject "Pong" */ = {
			isa = XCConfigurationList;
			buildConfigurations = (
				D3BF928628FEF6CF00EEF09B /* Debug */,
				D3BF928728FEF6CF00EEF09B /* Release */,
			);
			defaultConfigurationIsVisible = 0;
			defaultConfigurationName = Release;
		};
		D3BF928828FEF6CF00EEF09B /* Build configuration list for PBXNativeTarget "WavePong" */ = {
			isa = XCConfigurationList;
			buildConfigurations = (
				D3BF928928FEF6CF00EEF09B /* Debug */,
				D3BF928A28FEF6CF00EEF09B /* Release */,
			);
			defaultConfigurationIsVisible = 0;
			defaultConfigurationName = Release;
		};
/* End XCConfigurationList section */

/* Begin XCRemoteSwiftPackageReference section */
		0C956B582A95420800277D99 /* XCRemoteSwiftPackageReference "firebase-ios-sdk" */ = {
			isa = XCRemoteSwiftPackageReference;
			repositoryURL = "https://github.com/firebase/firebase-ios-sdk";
			requirement = {
				kind = upToNextMajorVersion;
				minimumVersion = 10.0.0;
			};
		};
		D37939322AB2277600D22457 /* XCRemoteSwiftPackageReference "swift-package-manager-google-mobile-ads" */ = {
			isa = XCRemoteSwiftPackageReference;
			repositoryURL = "https://github.com/googleads/swift-package-manager-google-mobile-ads.git";
			requirement = {
				kind = upToNextMajorVersion;
				minimumVersion = 10.0.0;
			};
		};
/* End XCRemoteSwiftPackageReference section */

/* Begin XCSwiftPackageProductDependency section */
		0C956B592A95420800277D99 /* FirebaseAnalyticsSwift */ = {
			isa = XCSwiftPackageProductDependency;
			package = 0C956B582A95420800277D99 /* XCRemoteSwiftPackageReference "firebase-ios-sdk" */;
			productName = FirebaseAnalyticsSwift;
		};
		0C956B5B2A95420800277D99 /* FirebaseAnalyticsWithoutAdIdSupport */ = {
			isa = XCSwiftPackageProductDependency;
			package = 0C956B582A95420800277D99 /* XCRemoteSwiftPackageReference "firebase-ios-sdk" */;
			productName = FirebaseAnalyticsWithoutAdIdSupport;
		};
		0CAA59C92A9E73DA00BEA7EA /* FirebaseAnalytics */ = {
			isa = XCSwiftPackageProductDependency;
			package = 0C956B582A95420800277D99 /* XCRemoteSwiftPackageReference "firebase-ios-sdk" */;
			productName = FirebaseAnalytics;
		};
		D37939332AB2277600D22457 /* GoogleMobileAds */ = {
			isa = XCSwiftPackageProductDependency;
			package = D37939322AB2277600D22457 /* XCRemoteSwiftPackageReference "swift-package-manager-google-mobile-ads" */;
			productName = GoogleMobileAds;
		};
/* End XCSwiftPackageProductDependency section */
	};
	rootObject = D3BF927228FEF6CD00EEF09B /* Project object */;
}
